// !$*UTF8*$!
{
	archiveVersion = 1;
	classes = {
	};
	objectVersion = 56;
	objects = {

/* Begin PBXBuildFile section */
		0B72132D2B4F368600463E69 /* DefaultStepView.swift in Sources */ = {isa = PBXBuildFile; fileRef = 0B72132C2B4F368600463E69 /* DefaultStepView.swift */; };
		0B7213402B4F395C00463E69 /* TaskManager.swift in Sources */ = {isa = PBXBuildFile; fileRef = 0B72133F2B4F395C00463E69 /* TaskManager.swift */; };
		0B7213422B4F396B00463E69 /* CompletionStepView.swift in Sources */ = {isa = PBXBuildFile; fileRef = 0B7213412B4F396B00463E69 /* CompletionStepView.swift */; };
		0B7213442B4F397A00463E69 /* InstructionStepView.swift in Sources */ = {isa = PBXBuildFile; fileRef = 0B7213432B4F397A00463E69 /* InstructionStepView.swift */; };
		0B7213462B4F398500463E69 /* FormStepView.swift in Sources */ = {isa = PBXBuildFile; fileRef = 0B7213452B4F398500463E69 /* FormStepView.swift */; };
		0B72134F2B4F39CC00463E69 /* View+Task.swift in Sources */ = {isa = PBXBuildFile; fileRef = 0B7213492B4F39CC00463E69 /* View+Task.swift */; };
		0B7213502B4F39CC00463E69 /* TaskContentView.swift in Sources */ = {isa = PBXBuildFile; fileRef = 0B72134A2B4F39CC00463E69 /* TaskContentView.swift */; };
		0B7213512B4F39CC00463E69 /* TaskView.swift in Sources */ = {isa = PBXBuildFile; fileRef = 0B72134B2B4F39CC00463E69 /* TaskView.swift */; };
		0B7213522B4F39CC00463E69 /* ORKScrollViewReader.swift in Sources */ = {isa = PBXBuildFile; fileRef = 0B72134C2B4F39CC00463E69 /* ORKScrollViewReader.swift */; };
		0B7213532B4F39CC00463E69 /* View+OnChange.swift in Sources */ = {isa = PBXBuildFile; fileRef = 0B72134D2B4F39CC00463E69 /* View+OnChange.swift */; };
		0BF86B222B4F360000E3790E /* ResearchKitUIWatch.docc in Sources */ = {isa = PBXBuildFile; fileRef = 0BF86B212B4F360000E3790E /* ResearchKitUIWatch.docc */; };
		BA32DE9F2BCF34440041A937 /* ScaleSliderQuestion.swift in Sources */ = {isa = PBXBuildFile; fileRef = BA32DE9E2BCF34440041A937 /* ScaleSliderQuestion.swift */; };
		5E7596BD2BE049B90088F7B7 /* ResearchKit.framework in Frameworks */ = {isa = PBXBuildFile; fileRef = 5E7596BC2BE049B90088F7B7 /* ResearchKit.framework */; };
		E4DBF1B42B97C2980085D6A1 /* BooleanQuestion.swift in Sources */ = {isa = PBXBuildFile; fileRef = E4DBF1B32B97C2980085D6A1 /* BooleanQuestion.swift */; };
		E4DBF1B62B97C2B30085D6A1 /* MultipleChoiceQuestion.swift in Sources */ = {isa = PBXBuildFile; fileRef = E4DBF1B52B97C2AC0085D6A1 /* MultipleChoiceQuestion.swift */; };
		E4DBF1B92B97C3060085D6A1 /* TextChoiceCell.swift in Sources */ = {isa = PBXBuildFile; fileRef = E4DBF1B82B97C3030085D6A1 /* TextChoiceCell.swift */; };
		E4DBF1BB2B993B5C0085D6A1 /* Card.swift in Sources */ = {isa = PBXBuildFile; fileRef = E4DBF1BA2B993B5B0085D6A1 /* Card.swift */; };
		E4DBF1BF2BA24AA40085D6A1 /* StickyScrollView.swift in Sources */ = {isa = PBXBuildFile; fileRef = E4DBF1BE2BA24AA10085D6A1 /* StickyScrollView.swift */; };
		E4DBF1C12BA24B190085D6A1 /* StickyFooterLayout.swift in Sources */ = {isa = PBXBuildFile; fileRef = E4DBF1C02BA24B150085D6A1 /* StickyFooterLayout.swift */; };
		E4DBF1C32BA24B8B0085D6A1 /* StickyScrollView+StickyLayout.swift in Sources */ = {isa = PBXBuildFile; fileRef = E4DBF1C22BA24B860085D6A1 /* StickyScrollView+StickyLayout.swift */; };
		E4E1CD522BED3AB20030D1F5 /* ViewModel.swift in Sources */ = {isa = PBXBuildFile; fileRef = E4E1CD512BED3AAE0030D1F5 /* ViewModel.swift */; };
		E4E1CD592BED9ECE0030D1F5 /* FormRow.swift in Sources */ = {isa = PBXBuildFile; fileRef = E4E1CD582BED9ECE0030D1F5 /* FormRow.swift */; };
		E4FC4FAB2BC88F3F00E0AEBF /* FormStepViewModel.swift in Sources */ = {isa = PBXBuildFile; fileRef = E4FC4FAA2BC88F3F00E0AEBF /* FormStepViewModel.swift */; };
/* End PBXBuildFile section */

/* Begin PBXFileReference section */
		0B72132C2B4F368600463E69 /* DefaultStepView.swift */ = {isa = PBXFileReference; fileEncoding = 4; lastKnownFileType = sourcecode.swift; path = DefaultStepView.swift; sourceTree = "<group>"; };
		0B72132F2B4F36B900463E69 /* ResearchKit.framework */ = {isa = PBXFileReference; explicitFileType = wrapper.framework; path = ResearchKit.framework; sourceTree = BUILT_PRODUCTS_DIR; };
		0B7213332B4F36C600463E69 /* ResearchKitInternal.framework */ = {isa = PBXFileReference; explicitFileType = wrapper.framework; path = ResearchKitInternal.framework; sourceTree = BUILT_PRODUCTS_DIR; };
		0B7213362B4F373300463E69 /* ResearchKitCore.framework */ = {isa = PBXFileReference; explicitFileType = wrapper.framework; path = ResearchKitCore.framework; sourceTree = BUILT_PRODUCTS_DIR; };
		0B7213392B4F379500463E69 /* ResearchKitUI.framework */ = {isa = PBXFileReference; explicitFileType = wrapper.framework; path = ResearchKitUI.framework; sourceTree = BUILT_PRODUCTS_DIR; };
		0B72133C2B4F37B300463E69 /* ResearchKitActiveTask.framework */ = {isa = PBXFileReference; explicitFileType = wrapper.framework; path = ResearchKitActiveTask.framework; sourceTree = BUILT_PRODUCTS_DIR; };
		0B72133F2B4F395C00463E69 /* TaskManager.swift */ = {isa = PBXFileReference; fileEncoding = 4; lastKnownFileType = sourcecode.swift; path = TaskManager.swift; sourceTree = "<group>"; };
		0B7213412B4F396B00463E69 /* CompletionStepView.swift */ = {isa = PBXFileReference; fileEncoding = 4; lastKnownFileType = sourcecode.swift; path = CompletionStepView.swift; sourceTree = "<group>"; };
		0B7213432B4F397A00463E69 /* InstructionStepView.swift */ = {isa = PBXFileReference; fileEncoding = 4; lastKnownFileType = sourcecode.swift; path = InstructionStepView.swift; sourceTree = "<group>"; };
		0B7213452B4F398500463E69 /* FormStepView.swift */ = {isa = PBXFileReference; fileEncoding = 4; lastKnownFileType = sourcecode.swift; path = FormStepView.swift; sourceTree = "<group>"; };
		0B7213492B4F39CC00463E69 /* View+Task.swift */ = {isa = PBXFileReference; fileEncoding = 4; lastKnownFileType = sourcecode.swift; path = "View+Task.swift"; sourceTree = "<group>"; };
		0B72134A2B4F39CC00463E69 /* TaskContentView.swift */ = {isa = PBXFileReference; fileEncoding = 4; lastKnownFileType = sourcecode.swift; path = TaskContentView.swift; sourceTree = "<group>"; };
		0B72134B2B4F39CC00463E69 /* TaskView.swift */ = {isa = PBXFileReference; fileEncoding = 4; lastKnownFileType = sourcecode.swift; path = TaskView.swift; sourceTree = "<group>"; };
		0B72134C2B4F39CC00463E69 /* ORKScrollViewReader.swift */ = {isa = PBXFileReference; fileEncoding = 4; lastKnownFileType = sourcecode.swift; path = ORKScrollViewReader.swift; sourceTree = "<group>"; };
		0B72134D2B4F39CC00463E69 /* View+OnChange.swift */ = {isa = PBXFileReference; fileEncoding = 4; lastKnownFileType = sourcecode.swift; path = "View+OnChange.swift"; sourceTree = "<group>"; };
		0B7213542B4F3A8400463E69 /* ResearchKit.framework */ = {isa = PBXFileReference; explicitFileType = wrapper.framework; path = ResearchKit.framework; sourceTree = BUILT_PRODUCTS_DIR; };
		0B7213572B4F3ABD00463E69 /* ResearchKitActiveTask.framework */ = {isa = PBXFileReference; explicitFileType = wrapper.framework; path = ResearchKitActiveTask.framework; sourceTree = BUILT_PRODUCTS_DIR; };
		0B72135A2B4F3AD400463E69 /* ResearchKitInternal.framework */ = {isa = PBXFileReference; explicitFileType = wrapper.framework; path = ResearchKitInternal.framework; sourceTree = BUILT_PRODUCTS_DIR; };
		0B72135D2B4F3C7600463E69 /* ResearchKitInternal.framework */ = {isa = PBXFileReference; explicitFileType = wrapper.framework; path = ResearchKitInternal.framework; sourceTree = BUILT_PRODUCTS_DIR; };
		0B7213612B4F3C7F00463E69 /* ResearchKit.framework */ = {isa = PBXFileReference; explicitFileType = wrapper.framework; path = ResearchKit.framework; sourceTree = BUILT_PRODUCTS_DIR; };
		0B7213642B4F3C8200463E69 /* ResearchKitCore.framework */ = {isa = PBXFileReference; explicitFileType = wrapper.framework; path = ResearchKitCore.framework; sourceTree = BUILT_PRODUCTS_DIR; };
		0B7213672B4F3CB200463E69 /* ResearchKitUI.framework */ = {isa = PBXFileReference; explicitFileType = wrapper.framework; path = ResearchKitUI.framework; sourceTree = BUILT_PRODUCTS_DIR; };
		0B72136A2B4F3D1D00463E69 /* ResearchKitCore.framework */ = {isa = PBXFileReference; explicitFileType = wrapper.framework; path = ResearchKitCore.framework; sourceTree = BUILT_PRODUCTS_DIR; };
		0BF86B1D2B4F360000E3790E /* ResearchKitUI_Watch_.framework */ = {isa = PBXFileReference; explicitFileType = wrapper.framework; includeInIndex = 0; path = ResearchKitUI_Watch_.framework; sourceTree = BUILT_PRODUCTS_DIR; };
		0BF86B212B4F360000E3790E /* ResearchKitUIWatch.docc */ = {isa = PBXFileReference; lastKnownFileType = folder.documentationcatalog; path = ResearchKitUIWatch.docc; sourceTree = "<group>"; };
		BA32DE9E2BCF34440041A937 /* ScaleSliderQuestion.swift */ = {isa = PBXFileReference; lastKnownFileType = sourcecode.swift; path = ScaleSliderQuestion.swift; sourceTree = "<group>"; };
		5E7596BC2BE049B90088F7B7 /* ResearchKit.framework */ = {isa = PBXFileReference; explicitFileType = wrapper.framework; path = ResearchKit.framework; sourceTree = BUILT_PRODUCTS_DIR; };
		E4DBF1B32B97C2980085D6A1 /* BooleanQuestion.swift */ = {isa = PBXFileReference; fileEncoding = 4; lastKnownFileType = sourcecode.swift; path = BooleanQuestion.swift; sourceTree = "<group>"; };
		E4DBF1B52B97C2AC0085D6A1 /* MultipleChoiceQuestion.swift */ = {isa = PBXFileReference; lastKnownFileType = sourcecode.swift; path = MultipleChoiceQuestion.swift; sourceTree = "<group>"; };
		E4DBF1B82B97C3030085D6A1 /* TextChoiceCell.swift */ = {isa = PBXFileReference; lastKnownFileType = sourcecode.swift; path = TextChoiceCell.swift; sourceTree = "<group>"; };
		E4DBF1BA2B993B5B0085D6A1 /* Card.swift */ = {isa = PBXFileReference; fileEncoding = 4; lastKnownFileType = sourcecode.swift; path = Card.swift; sourceTree = "<group>"; };
		E4DBF1BE2BA24AA10085D6A1 /* StickyScrollView.swift */ = {isa = PBXFileReference; lastKnownFileType = sourcecode.swift; path = StickyScrollView.swift; sourceTree = "<group>"; };
		E4DBF1C02BA24B150085D6A1 /* StickyFooterLayout.swift */ = {isa = PBXFileReference; lastKnownFileType = sourcecode.swift; path = StickyFooterLayout.swift; sourceTree = "<group>"; };
		E4DBF1C22BA24B860085D6A1 /* StickyScrollView+StickyLayout.swift */ = {isa = PBXFileReference; lastKnownFileType = sourcecode.swift; path = "StickyScrollView+StickyLayout.swift"; sourceTree = "<group>"; };
		E4E1CD512BED3AAE0030D1F5 /* ViewModel.swift */ = {isa = PBXFileReference; lastKnownFileType = sourcecode.swift; path = ViewModel.swift; sourceTree = "<group>"; };
		E4E1CD582BED9ECE0030D1F5 /* FormRow.swift */ = {isa = PBXFileReference; fileEncoding = 4; lastKnownFileType = sourcecode.swift; name = FormRow.swift; path = "Step Views/Question Views/FormRow.swift"; sourceTree = "<group>"; };
		E4FC4FAA2BC88F3F00E0AEBF /* FormStepViewModel.swift */ = {isa = PBXFileReference; fileEncoding = 4; lastKnownFileType = sourcecode.swift; name = FormStepViewModel.swift; path = "Step Views/FormStepViewModel.swift"; sourceTree = "<group>"; };
/* End PBXFileReference section */

/* Begin PBXFrameworksBuildPhase section */
		0BF86B1A2B4F360000E3790E /* Frameworks */ = {
			isa = PBXFrameworksBuildPhase;
			buildActionMask = 2147483647;
			files = (
				5E7596BD2BE049B90088F7B7 /* ResearchKit.framework in Frameworks */,
			);
			runOnlyForDeploymentPostprocessing = 0;
		};
/* End PBXFrameworksBuildPhase section */

/* Begin PBXGroup section */
		0B72132E2B4F36B900463E69 /* Frameworks */ = {
			isa = PBXGroup;
			children = (
				5E7596BC2BE049B90088F7B7 /* ResearchKit.framework */,
				0B72135D2B4F3C7600463E69 /* ResearchKitInternal.framework */,
				0B7213612B4F3C7F00463E69 /* ResearchKit.framework */,
				0B72136A2B4F3D1D00463E69 /* ResearchKitCore.framework */,
				0B7213672B4F3CB200463E69 /* ResearchKitUI.framework */,
				0B7213642B4F3C8200463E69 /* ResearchKitCore.framework */,
				0B7213542B4F3A8400463E69 /* ResearchKit.framework */,
				0B7213572B4F3ABD00463E69 /* ResearchKitActiveTask.framework */,
				0B72135A2B4F3AD400463E69 /* ResearchKitInternal.framework */,
				0B72132F2B4F36B900463E69 /* ResearchKit.framework */,
				0B7213332B4F36C600463E69 /* ResearchKitInternal.framework */,
				0B7213362B4F373300463E69 /* ResearchKitCore.framework */,
				0B7213392B4F379500463E69 /* ResearchKitUI.framework */,
				0B72133C2B4F37B300463E69 /* ResearchKitActiveTask.framework */,
			);
			name = Frameworks;
			sourceTree = "<group>";
		};
		0B7213472B4F39A500463E69 /* Step Views */ = {
			isa = PBXGroup;
			children = (
				E4DBF1B22B97C27E0085D6A1 /* Question Views */,
				0B72132C2B4F368600463E69 /* DefaultStepView.swift */,
				0B7213412B4F396B00463E69 /* CompletionStepView.swift */,
				0B7213432B4F397A00463E69 /* InstructionStepView.swift */,
				0B7213452B4F398500463E69 /* FormStepView.swift */,
				0B72133F2B4F395C00463E69 /* TaskManager.swift */,
			);
			path = "Step Views";
			sourceTree = "<group>";
		};
		0BF86B132B4F360000E3790E = {
			isa = PBXGroup;
			children = (
				0BF86B1F2B4F360000E3790E /* ResearchKitUIWatch */,
				0BF86B1E2B4F360000E3790E /* Products */,
				0B72132E2B4F36B900463E69 /* Frameworks */,
			);
			sourceTree = "<group>";
		};
		0BF86B1E2B4F360000E3790E /* Products */ = {
			isa = PBXGroup;
			children = (
				0BF86B1D2B4F360000E3790E /* ResearchKitUI_Watch_.framework */,
			);
			name = Products;
			sourceTree = "<group>";
		};
		0BF86B1F2B4F360000E3790E /* ResearchKitUIWatch */ = {
			isa = PBXGroup;
			children = (
				E4E1CD582BED9ECE0030D1F5 /* FormRow.swift */,
				E4E1CD512BED3AAE0030D1F5 /* ViewModel.swift */,
				E4FC4FAA2BC88F3F00E0AEBF /* FormStepViewModel.swift */,
				0B72134B2B4F39CC00463E69 /* TaskView.swift */,
				0B72134A2B4F39CC00463E69 /* TaskContentView.swift */,
				0B7213492B4F39CC00463E69 /* View+Task.swift */,
				0B72134D2B4F39CC00463E69 /* View+OnChange.swift */,
				0B72134C2B4F39CC00463E69 /* ORKScrollViewReader.swift */,
				0B7213472B4F39A500463E69 /* Step Views */,
				0BF86B212B4F360000E3790E /* ResearchKitUIWatch.docc */,
			);
			path = ResearchKitUIWatch;
			sourceTree = "<group>";
		};
		E4DBF1B22B97C27E0085D6A1 /* Question Views */ = {
			isa = PBXGroup;
			children = (
				E4DBF1B72B97C2E80085D6A1 /* Supporting Views */,
				E4DBF1B52B97C2AC0085D6A1 /* MultipleChoiceQuestion.swift */,
				E4DBF1B32B97C2980085D6A1 /* BooleanQuestion.swift */,
				BA32DE9E2BCF34440041A937 /* ScaleSliderQuestion.swift */,
			);
			path = "Question Views";
			sourceTree = "<group>";
		};
		E4DBF1B72B97C2E80085D6A1 /* Supporting Views */ = {
			isa = PBXGroup;
			children = (
				E4DBF1C22BA24B860085D6A1 /* StickyScrollView+StickyLayout.swift */,
				E4DBF1C02BA24B150085D6A1 /* StickyFooterLayout.swift */,
				E4DBF1BE2BA24AA10085D6A1 /* StickyScrollView.swift */,
				E4DBF1BA2B993B5B0085D6A1 /* Card.swift */,
				E4DBF1B82B97C3030085D6A1 /* TextChoiceCell.swift */,
			);
			path = "Supporting Views";
			sourceTree = "<group>";
		};
/* End PBXGroup section */

/* Begin PBXHeadersBuildPhase section */
		0BF86B182B4F360000E3790E /* Headers */ = {
			isa = PBXHeadersBuildPhase;
			buildActionMask = 2147483647;
			files = (
			);
			runOnlyForDeploymentPostprocessing = 0;
		};
/* End PBXHeadersBuildPhase section */

/* Begin PBXNativeTarget section */
		0BF86B1C2B4F360000E3790E /* ResearchKitUI(Watch) */ = {
			isa = PBXNativeTarget;
			buildConfigurationList = 0BF86B262B4F360000E3790E /* Build configuration list for PBXNativeTarget "ResearchKitUI(Watch)" */;
			buildPhases = (
				0BF86B182B4F360000E3790E /* Headers */,
				0BF86B192B4F360000E3790E /* Sources */,
				0BF86B1A2B4F360000E3790E /* Frameworks */,
				0BF86B1B2B4F360000E3790E /* Resources */,
			);
			buildRules = (
			);
			dependencies = (
			);
			name = "ResearchKitUI(Watch)";
			productName = ResearchKitUIWatch;
			productReference = 0BF86B1D2B4F360000E3790E /* ResearchKitUI_Watch_.framework */;
			productType = "com.apple.product-type.framework";
		};
/* End PBXNativeTarget section */

/* Begin PBXProject section */
		0BF86B142B4F360000E3790E /* Project object */ = {
			isa = PBXProject;
			attributes = {
				BuildIndependentTargetsInParallel = 1;
				LastUpgradeCheck = 1510;
				TargetAttributes = {
					0BF86B1C2B4F360000E3790E = {
						CreatedOnToolsVersion = 15.1;
					};
				};
			};
			buildConfigurationList = 0BF86B172B4F360000E3790E /* Build configuration list for PBXProject "ResearchKitUI(Watch)" */;
			compatibilityVersion = "Xcode 14.0";
			developmentRegion = en;
			hasScannedForEncodings = 0;
			knownRegions = (
				en,
				Base,
			);
			mainGroup = 0BF86B132B4F360000E3790E;
			productRefGroup = 0BF86B1E2B4F360000E3790E /* Products */;
			projectDirPath = "";
			projectRoot = "";
			targets = (
				0BF86B1C2B4F360000E3790E /* ResearchKitUI(Watch) */,
			);
		};
/* End PBXProject section */

/* Begin PBXResourcesBuildPhase section */
		0BF86B1B2B4F360000E3790E /* Resources */ = {
			isa = PBXResourcesBuildPhase;
			buildActionMask = 2147483647;
			files = (
			);
			runOnlyForDeploymentPostprocessing = 0;
		};
/* End PBXResourcesBuildPhase section */

/* Begin PBXSourcesBuildPhase section */
		0BF86B192B4F360000E3790E /* Sources */ = {
			isa = PBXSourcesBuildPhase;
			buildActionMask = 2147483647;
			files = (
				E4DBF1C32BA24B8B0085D6A1 /* StickyScrollView+StickyLayout.swift in Sources */,
				E4DBF1C12BA24B190085D6A1 /* StickyFooterLayout.swift in Sources */,
				0B7213502B4F39CC00463E69 /* TaskContentView.swift in Sources */,
				0B7213522B4F39CC00463E69 /* ORKScrollViewReader.swift in Sources */,
				E4DBF1BF2BA24AA40085D6A1 /* StickyScrollView.swift in Sources */,
				E4FC4FAB2BC88F3F00E0AEBF /* FormStepViewModel.swift in Sources */,
				0B7213462B4F398500463E69 /* FormStepView.swift in Sources */,
				0B7213532B4F39CC00463E69 /* View+OnChange.swift in Sources */,
				E4DBF1B62B97C2B30085D6A1 /* MultipleChoiceQuestion.swift in Sources */,
				E4DBF1B92B97C3060085D6A1 /* TextChoiceCell.swift in Sources */,
				E4E1CD522BED3AB20030D1F5 /* ViewModel.swift in Sources */,
				0B7213442B4F397A00463E69 /* InstructionStepView.swift in Sources */,
				E4E1CD592BED9ECE0030D1F5 /* FormRow.swift in Sources */,
				E4DBF1BB2B993B5C0085D6A1 /* Card.swift in Sources */,
				0B7213512B4F39CC00463E69 /* TaskView.swift in Sources */,
				0B7213422B4F396B00463E69 /* CompletionStepView.swift in Sources */,
				BA32DE9F2BCF34440041A937 /* ScaleSliderQuestion.swift in Sources */,
				0B72134F2B4F39CC00463E69 /* View+Task.swift in Sources */,
				E4DBF1B42B97C2980085D6A1 /* BooleanQuestion.swift in Sources */,
				0B7213402B4F395C00463E69 /* TaskManager.swift in Sources */,
				0B72132D2B4F368600463E69 /* DefaultStepView.swift in Sources */,
				0BF86B222B4F360000E3790E /* ResearchKitUIWatch.docc in Sources */,
			);
			runOnlyForDeploymentPostprocessing = 0;
		};
/* End PBXSourcesBuildPhase section */

/* Begin XCBuildConfiguration section */
		0BF86B242B4F360000E3790E /* Debug */ = {
			isa = XCBuildConfiguration;
			buildSettings = {
				ALWAYS_SEARCH_USER_PATHS = NO;
				ASSETCATALOG_COMPILER_GENERATE_SWIFT_ASSET_SYMBOL_EXTENSIONS = YES;
				CLANG_ANALYZER_NONNULL = YES;
				CLANG_ANALYZER_NUMBER_OBJECT_CONVERSION = YES_AGGRESSIVE;
				CLANG_CXX_LANGUAGE_STANDARD = "gnu++20";
				CLANG_ENABLE_MODULES = YES;
				CLANG_ENABLE_OBJC_ARC = YES;
				CLANG_ENABLE_OBJC_WEAK = YES;
				CLANG_WARN_BLOCK_CAPTURE_AUTORELEASING = YES;
				CLANG_WARN_BOOL_CONVERSION = YES;
				CLANG_WARN_COMMA = YES;
				CLANG_WARN_CONSTANT_CONVERSION = YES;
				CLANG_WARN_DEPRECATED_OBJC_IMPLEMENTATIONS = YES;
				CLANG_WARN_DIRECT_OBJC_ISA_USAGE = YES_ERROR;
				CLANG_WARN_DOCUMENTATION_COMMENTS = YES;
				CLANG_WARN_EMPTY_BODY = YES;
				CLANG_WARN_ENUM_CONVERSION = YES;
				CLANG_WARN_INFINITE_RECURSION = YES;
				CLANG_WARN_INT_CONVERSION = YES;
				CLANG_WARN_NON_LITERAL_NULL_CONVERSION = YES;
				CLANG_WARN_OBJC_IMPLICIT_RETAIN_SELF = YES;
				CLANG_WARN_OBJC_LITERAL_CONVERSION = YES;
				CLANG_WARN_OBJC_ROOT_CLASS = YES_ERROR;
				CLANG_WARN_QUOTED_INCLUDE_IN_FRAMEWORK_HEADER = YES;
				CLANG_WARN_RANGE_LOOP_ANALYSIS = YES;
				CLANG_WARN_STRICT_PROTOTYPES = YES;
				CLANG_WARN_SUSPICIOUS_MOVE = YES;
				CLANG_WARN_UNGUARDED_AVAILABILITY = YES_AGGRESSIVE;
				CLANG_WARN_UNREACHABLE_CODE = YES;
				CLANG_WARN__DUPLICATE_METHOD_MATCH = YES;
				COPY_PHASE_STRIP = NO;
				CURRENT_PROJECT_VERSION = 1;
				DEBUG_INFORMATION_FORMAT = dwarf;
				ENABLE_STRICT_OBJC_MSGSEND = YES;
				ENABLE_TESTABILITY = YES;
				ENABLE_USER_SCRIPT_SANDBOXING = YES;
				GCC_C_LANGUAGE_STANDARD = gnu17;
				GCC_DYNAMIC_NO_PIC = NO;
				GCC_NO_COMMON_BLOCKS = YES;
				GCC_OPTIMIZATION_LEVEL = 0;
				GCC_PREPROCESSOR_DEFINITIONS = (
					"DEBUG=1",
					"$(inherited)",
				);
				GCC_WARN_64_TO_32_BIT_CONVERSION = YES;
				GCC_WARN_ABOUT_RETURN_TYPE = YES_ERROR;
				GCC_WARN_UNDECLARED_SELECTOR = YES;
				GCC_WARN_UNINITIALIZED_AUTOS = YES_AGGRESSIVE;
				GCC_WARN_UNUSED_FUNCTION = YES;
				GCC_WARN_UNUSED_VARIABLE = YES;
				IPHONEOS_DEPLOYMENT_TARGET = 17.2;
				LOCALIZATION_PREFERS_STRING_CATALOGS = YES;
				MTL_ENABLE_DEBUG_INFO = INCLUDE_SOURCE;
				MTL_FAST_MATH = YES;
				ONLY_ACTIVE_ARCH = YES;
				SDKROOT = xros;
				SWIFT_ACTIVE_COMPILATION_CONDITIONS = "DEBUG $(inherited)";
				SWIFT_OPTIMIZATION_LEVEL = "-Onone";
				VERSIONING_SYSTEM = "apple-generic";
				VERSION_INFO_PREFIX = "";
			};
			name = Debug;
		};
		0BF86B252B4F360000E3790E /* Release */ = {
			isa = XCBuildConfiguration;
			buildSettings = {
				ALWAYS_SEARCH_USER_PATHS = NO;
				ASSETCATALOG_COMPILER_GENERATE_SWIFT_ASSET_SYMBOL_EXTENSIONS = YES;
				CLANG_ANALYZER_NONNULL = YES;
				CLANG_ANALYZER_NUMBER_OBJECT_CONVERSION = YES_AGGRESSIVE;
				CLANG_CXX_LANGUAGE_STANDARD = "gnu++20";
				CLANG_ENABLE_MODULES = YES;
				CLANG_ENABLE_OBJC_ARC = YES;
				CLANG_ENABLE_OBJC_WEAK = YES;
				CLANG_WARN_BLOCK_CAPTURE_AUTORELEASING = YES;
				CLANG_WARN_BOOL_CONVERSION = YES;
				CLANG_WARN_COMMA = YES;
				CLANG_WARN_CONSTANT_CONVERSION = YES;
				CLANG_WARN_DEPRECATED_OBJC_IMPLEMENTATIONS = YES;
				CLANG_WARN_DIRECT_OBJC_ISA_USAGE = YES_ERROR;
				CLANG_WARN_DOCUMENTATION_COMMENTS = YES;
				CLANG_WARN_EMPTY_BODY = YES;
				CLANG_WARN_ENUM_CONVERSION = YES;
				CLANG_WARN_INFINITE_RECURSION = YES;
				CLANG_WARN_INT_CONVERSION = YES;
				CLANG_WARN_NON_LITERAL_NULL_CONVERSION = YES;
				CLANG_WARN_OBJC_IMPLICIT_RETAIN_SELF = YES;
				CLANG_WARN_OBJC_LITERAL_CONVERSION = YES;
				CLANG_WARN_OBJC_ROOT_CLASS = YES_ERROR;
				CLANG_WARN_QUOTED_INCLUDE_IN_FRAMEWORK_HEADER = YES;
				CLANG_WARN_RANGE_LOOP_ANALYSIS = YES;
				CLANG_WARN_STRICT_PROTOTYPES = YES;
				CLANG_WARN_SUSPICIOUS_MOVE = YES;
				CLANG_WARN_UNGUARDED_AVAILABILITY = YES_AGGRESSIVE;
				CLANG_WARN_UNREACHABLE_CODE = YES;
				CLANG_WARN__DUPLICATE_METHOD_MATCH = YES;
				COPY_PHASE_STRIP = NO;
				CURRENT_PROJECT_VERSION = 1;
				DEBUG_INFORMATION_FORMAT = "dwarf-with-dsym";
				ENABLE_NS_ASSERTIONS = NO;
				ENABLE_STRICT_OBJC_MSGSEND = YES;
				ENABLE_USER_SCRIPT_SANDBOXING = YES;
				GCC_C_LANGUAGE_STANDARD = gnu17;
				GCC_NO_COMMON_BLOCKS = YES;
				GCC_WARN_64_TO_32_BIT_CONVERSION = YES;
				GCC_WARN_ABOUT_RETURN_TYPE = YES_ERROR;
				GCC_WARN_UNDECLARED_SELECTOR = YES;
				GCC_WARN_UNINITIALIZED_AUTOS = YES_AGGRESSIVE;
				GCC_WARN_UNUSED_FUNCTION = YES;
				GCC_WARN_UNUSED_VARIABLE = YES;
				IPHONEOS_DEPLOYMENT_TARGET = 17.2;
				LOCALIZATION_PREFERS_STRING_CATALOGS = YES;
				MTL_ENABLE_DEBUG_INFO = NO;
				MTL_FAST_MATH = YES;
				SDKROOT = xros;
				SWIFT_COMPILATION_MODE = wholemodule;
				VALIDATE_PRODUCT = YES;
				VERSIONING_SYSTEM = "apple-generic";
				VERSION_INFO_PREFIX = "";
			};
			name = Release;
		};
		0BF86B272B4F360000E3790E /* Debug */ = {
			isa = XCBuildConfiguration;
			buildSettings = {
				ALLOW_TARGET_PLATFORM_SPECIALIZATION = YES;
				CODE_SIGN_STYLE = Automatic;
				CURRENT_PROJECT_VERSION = 1;
				DEFINES_MODULE = YES;
				DEVELOPMENT_TEAM = "";
				DYLIB_COMPATIBILITY_VERSION = 1;
				DYLIB_CURRENT_VERSION = 1;
				DYLIB_INSTALL_NAME_BASE = "@rpath";
				ENABLE_MODULE_VERIFIER = YES;
				GENERATE_INFOPLIST_FILE = YES;
				INFOPLIST_KEY_NSHumanReadableCopyright = "";
				INSTALL_PATH = "$(LOCAL_LIBRARY_DIR)/Frameworks";
				LD_RUNPATH_SEARCH_PATHS = (
					"$(inherited)",
					"@executable_path/Frameworks",
					"@loader_path/Frameworks",
				);
				MARKETING_VERSION = 1.0;
				MODULE_VERIFIER_SUPPORTED_LANGUAGES = "objective-c objective-c++";
				MODULE_VERIFIER_SUPPORTED_LANGUAGE_STANDARDS = "gnu17 gnu++20";
				PRODUCT_BUNDLE_IDENTIFIER = Apple.ResearchKitUIWatch;
				PRODUCT_NAME = "$(TARGET_NAME:c99extidentifier)";
				SDKROOT = xros;
				SKIP_INSTALL = YES;
				SUPPORTED_PLATFORMS = "xrsimulator xros macosx linux iphonesimulator iphoneos exclavekit.xros exclavekit.macosx exclavekit.iphoneos exclavecore.xros exclavecore.macosx exclavecore.iphoneos driverkit";
				SUPPORTS_MACCATALYST = YES;
				SUPPORTS_MAC_DESIGNED_FOR_IPHONE_IPAD = NO;
				SWIFT_EMIT_LOC_STRINGS = YES;
				SWIFT_VERSION = 5.0;
				TARGETED_DEVICE_FAMILY = "1,2,7";
				WATCHOS_DEPLOYMENT_TARGET = 8.0;
			};
			name = Debug;
		};
		0BF86B282B4F360000E3790E /* Release */ = {
			isa = XCBuildConfiguration;
			buildSettings = {
				ALLOW_TARGET_PLATFORM_SPECIALIZATION = YES;
				CODE_SIGN_STYLE = Automatic;
				CURRENT_PROJECT_VERSION = 1;
				DEFINES_MODULE = YES;
				DEVELOPMENT_TEAM = "";
				DYLIB_COMPATIBILITY_VERSION = 1;
				DYLIB_CURRENT_VERSION = 1;
				DYLIB_INSTALL_NAME_BASE = "@rpath";
				ENABLE_MODULE_VERIFIER = YES;
				GENERATE_INFOPLIST_FILE = YES;
				INFOPLIST_KEY_NSHumanReadableCopyright = "";
				INSTALL_PATH = "$(LOCAL_LIBRARY_DIR)/Frameworks";
				LD_RUNPATH_SEARCH_PATHS = (
					"$(inherited)",
					"@executable_path/Frameworks",
					"@loader_path/Frameworks",
				);
				MARKETING_VERSION = 1.0;
				MODULE_VERIFIER_SUPPORTED_LANGUAGES = "objective-c objective-c++";
				MODULE_VERIFIER_SUPPORTED_LANGUAGE_STANDARDS = "gnu17 gnu++20";
				PRODUCT_BUNDLE_IDENTIFIER = Apple.ResearchKitUIWatch;
				PRODUCT_NAME = "$(TARGET_NAME:c99extidentifier)";
				SDKROOT = xros;
				SKIP_INSTALL = YES;
				SUPPORTED_PLATFORMS = "xrsimulator xros macosx linux iphonesimulator iphoneos exclavekit.xros exclavekit.macosx exclavekit.iphoneos exclavecore.xros exclavecore.macosx exclavecore.iphoneos driverkit";
				SUPPORTS_MACCATALYST = YES;
				SUPPORTS_MAC_DESIGNED_FOR_IPHONE_IPAD = NO;
				SWIFT_EMIT_LOC_STRINGS = YES;
				SWIFT_VERSION = 5.0;
				TARGETED_DEVICE_FAMILY = 4;
				WATCHOS_DEPLOYMENT_TARGET = 8.0;
			};
			name = Release;
		};
/* End XCBuildConfiguration section */

/* Begin XCConfigurationList section */
		0BF86B172B4F360000E3790E /* Build configuration list for PBXProject "ResearchKitUI(Watch)" */ = {
			isa = XCConfigurationList;
			buildConfigurations = (
				0BF86B242B4F360000E3790E /* Debug */,
				0BF86B252B4F360000E3790E /* Release */,
			);
			defaultConfigurationIsVisible = 0;
			defaultConfigurationName = Release;
		};
		0BF86B262B4F360000E3790E /* Build configuration list for PBXNativeTarget "ResearchKitUI(Watch)" */ = {
			isa = XCConfigurationList;
			buildConfigurations = (
				0BF86B272B4F360000E3790E /* Debug */,
				0BF86B282B4F360000E3790E /* Release */,
			);
			defaultConfigurationIsVisible = 0;
			defaultConfigurationName = Release;
		};
/* End XCConfigurationList section */
	};
	rootObject = 0BF86B142B4F360000E3790E /* Project object */;
}
