// !$*UTF8*$!
{
	archiveVersion = 1;
	classes = {
	};
	objectVersion = 70;
	objects = {

/* Begin PBXBuildFile section */
		0B53DA602BD054EE00227126 /* ResearchKitUI(Watch).strings in Resources */ = {isa = PBXBuildFile; fileRef = 0B53DA5E2BD054EE00227126 /* ResearchKitUI(Watch).strings */; };
		0B72132D2B4F368600463E69 /* DefaultStepView.swift in Sources */ = {isa = PBXBuildFile; fileRef = 0B72132C2B4F368600463E69 /* DefaultStepView.swift */; };
		0B7213402B4F395C00463E69 /* TaskManager.swift in Sources */ = {isa = PBXBuildFile; fileRef = 0B72133F2B4F395C00463E69 /* TaskManager.swift */; };
		0B7213422B4F396B00463E69 /* CompletionStepView.swift in Sources */ = {isa = PBXBuildFile; fileRef = 0B7213412B4F396B00463E69 /* CompletionStepView.swift */; };
		0B7213442B4F397A00463E69 /* InstructionStepView.swift in Sources */ = {isa = PBXBuildFile; fileRef = 0B7213432B4F397A00463E69 /* InstructionStepView.swift */; };
		0B7213462B4F398500463E69 /* FormStepView.swift in Sources */ = {isa = PBXBuildFile; fileRef = 0B7213452B4F398500463E69 /* FormStepView.swift */; };
		0B72134F2B4F39CC00463E69 /* View+Task.swift in Sources */ = {isa = PBXBuildFile; fileRef = 0B7213492B4F39CC00463E69 /* View+Task.swift */; };
		0B7213502B4F39CC00463E69 /* TaskContentView.swift in Sources */ = {isa = PBXBuildFile; fileRef = 0B72134A2B4F39CC00463E69 /* TaskContentView.swift */; };
		0B7213512B4F39CC00463E69 /* TaskView.swift in Sources */ = {isa = PBXBuildFile; fileRef = 0B72134B2B4F39CC00463E69 /* TaskView.swift */; };
		0B7213522B4F39CC00463E69 /* ORKScrollViewReader.swift in Sources */ = {isa = PBXBuildFile; fileRef = 0B72134C2B4F39CC00463E69 /* ORKScrollViewReader.swift */; };
		0B7213532B4F39CC00463E69 /* View+OnChange.swift in Sources */ = {isa = PBXBuildFile; fileRef = 0B72134D2B4F39CC00463E69 /* View+OnChange.swift */; };
		0BF86B222B4F360000E3790E /* ResearchKitUIWatch.docc in Sources */ = {isa = PBXBuildFile; fileRef = 0BF86B212B4F360000E3790E /* ResearchKitUIWatch.docc */; };
		380E14B02C3350A900085D2B /* ResearchForm.swift in Sources */ = {isa = PBXBuildFile; fileRef = 380E14AF2C3350A900085D2B /* ResearchForm.swift */; };
		3810A3D52C7D126700535B38 /* ORKSerializationEntryProvider.m in Sources */ = {isa = PBXBuildFile; fileRef = 3810A3C62C7D126700535B38 /* ORKSerializationEntryProvider.m */; };
		3810A3D62C7D126700535B38 /* ORKIESerializer.m in Sources */ = {isa = PBXBuildFile; fileRef = 3810A3CD2C7D126700535B38 /* ORKIESerializer.m */; };
		3810A3D72C7D126700535B38 /* ORKESerializer+SwiftUIEntryProvider.m in Sources */ = {isa = PBXBuildFile; fileRef = 3810A3D12C7D126700535B38 /* ORKESerializer+SwiftUIEntryProvider.m */; };
		3810A3D82C7D126700535B38 /* ORKESerialization+Helpers.m in Sources */ = {isa = PBXBuildFile; fileRef = 3810A3CF2C7D126700535B38 /* ORKESerialization+Helpers.m */; };
		3810A3D92C7D126700535B38 /* ORKSwiftUISerializationEntryProvider.m in Sources */ = {isa = PBXBuildFile; fileRef = 3810A3CA2C7D126700535B38 /* ORKSwiftUISerializationEntryProvider.m */; };
		3810A3DA2C7D126700535B38 /* ORKCoreSerializationEntryProvider.m in Sources */ = {isa = PBXBuildFile; fileRef = 3810A3C82C7D126700535B38 /* ORKCoreSerializationEntryProvider.m */; };
		3810A4052C7D3C0100535B38 /* ORKSerializationEntryProvider.h in Headers */ = {isa = PBXBuildFile; fileRef = 3810A3C52C7D126700535B38 /* ORKSerializationEntryProvider.h */; settings = {ATTRIBUTES = (Public, ); }; };
		3810A4062C7D3C0500535B38 /* ORKCoreSerializationEntryProvider.h in Headers */ = {isa = PBXBuildFile; fileRef = 3810A3C72C7D126700535B38 /* ORKCoreSerializationEntryProvider.h */; settings = {ATTRIBUTES = (Public, ); }; };
		3810A4072C7D3C1000535B38 /* ORKSwiftUISerializationEntryProvider.h in Headers */ = {isa = PBXBuildFile; fileRef = 3810A3C92C7D126700535B38 /* ORKSwiftUISerializationEntryProvider.h */; settings = {ATTRIBUTES = (Public, ); }; };
		3810A4082C7D3C1B00535B38 /* ORKIESerializer.h in Headers */ = {isa = PBXBuildFile; fileRef = 3810A3CC2C7D126700535B38 /* ORKIESerializer.h */; settings = {ATTRIBUTES = (Public, ); }; };
		3810A4092C7D3C2100535B38 /* ORKESerialization+Helpers.h in Headers */ = {isa = PBXBuildFile; fileRef = 3810A3CE2C7D126700535B38 /* ORKESerialization+Helpers.h */; settings = {ATTRIBUTES = (Public, ); }; };
		3810A40A2C7D3C2600535B38 /* ORKESerializer+SwiftUIEntryProvider.h in Headers */ = {isa = PBXBuildFile; fileRef = 3810A3D02C7D126700535B38 /* ORKESerializer+SwiftUIEntryProvider.h */; settings = {ATTRIBUTES = (Public, ); }; };
		3810A40B2C7D3EE700535B38 /* ResearchKitUI_Watch_.h in Headers */ = {isa = PBXBuildFile; fileRef = 3810A4012C7D391500535B38 /* ResearchKitUI_Watch_.h */; settings = {ATTRIBUTES = (Public, ); }; };
		3815C0142C2081CE00A29CD3 /* DateTimeView.swift in Sources */ = {isa = PBXBuildFile; fileRef = 3815C0132C2081CE00A29CD3 /* DateTimeView.swift */; };
		381CAC082C34C62100FCE89A /* FormRowContent.swift in Sources */ = {isa = PBXBuildFile; fileRef = 381CAC072C34C61D00FCE89A /* FormRowContent.swift */; };
		381CAC0A2C35E06500FCE89A /* ResearchFormStepContentView.swift in Sources */ = {isa = PBXBuildFile; fileRef = 381CAC092C35E05A00FCE89A /* ResearchFormStepContentView.swift */; };
		381CAC0C2C35F4CE00FCE89A /* ResearchTaskCompletion.swift in Sources */ = {isa = PBXBuildFile; fileRef = 381CAC0B2C35F4C300FCE89A /* ResearchTaskCompletion.swift */; };
		381CAC102C3C759200FCE89A /* HeightQuestionView.swift in Sources */ = {isa = PBXBuildFile; fileRef = 381CAC0F2C3C759200FCE89A /* HeightQuestionView.swift */; };
		381E23F12C4097070095EBBB /* WeightQuestion.swift in Sources */ = {isa = PBXBuildFile; fileRef = 381E23F02C4097040095EBBB /* WeightQuestion.swift */; };
		3820BE212C6574C00012CB2C /* ResearchTaskResult.swift in Sources */ = {isa = PBXBuildFile; fileRef = 3820BE1F2C6574350012CB2C /* ResearchTaskResult.swift */; };
		3820BE222C6574C50012CB2C /* StepResultKey.swift in Sources */ = {isa = PBXBuildFile; fileRef = 3820BE202C6574640012CB2C /* StepResultKey.swift */; };
		382A57412C5AB02C00EE7DB3 /* QuestionStep.swift in Sources */ = {isa = PBXBuildFile; fileRef = 382A57402C5AB02700EE7DB3 /* QuestionStep.swift */; };
		382CF7852C3F2632000F3433 /* WeightQuestionView.swift in Sources */ = {isa = PBXBuildFile; fileRef = 382CF7842C3F262F000F3433 /* WeightQuestionView.swift */; };
		386ABFBE2C2F800E0006B84D /* MultipleChoiceQuestion.swift in Sources */ = {isa = PBXBuildFile; fileRef = 386ABFBD2C2F80060006B84D /* MultipleChoiceQuestion.swift */; };
		386ABFC42C2F80DE0006B84D /* ScaleSliderQuestion.swift in Sources */ = {isa = PBXBuildFile; fileRef = 386ABFC32C2F80D90006B84D /* ScaleSliderQuestion.swift */; };
		389694182C6E7622007BA17D /* Utilities.swift in Sources */ = {isa = PBXBuildFile; fileRef = 389694172C6E7621007BA17D /* Utilities.swift */; };
		38CD26102C1909CC000FDBB0 /* FormItemCardView.swift in Sources */ = {isa = PBXBuildFile; fileRef = 38CD260F2C1909CC000FDBB0 /* FormItemCardView.swift */; };
		38CD26392C1B90F3000FDBB0 /* RKAdapter.swift in Sources */ = {isa = PBXBuildFile; fileRef = 38CD26382C1B90F3000FDBB0 /* RKAdapter.swift */; };
		38CD263B2C1BA6EA000FDBB0 /* TextQuestionView.swift in Sources */ = {isa = PBXBuildFile; fileRef = 38CD263A2C1BA6EA000FDBB0 /* TextQuestionView.swift */; };
		38DB82E32C753A8B0074B95D /* ResearchKitUI_Watch_.framework in Frameworks */ = {isa = PBXBuildFile; fileRef = 0BF86B1D2B4F360000E3790E /* ResearchKitUI_Watch_.framework */; platformFilters = (ios, xros, ); };
		38F4F6C62C4AD35C004E7A8D /* ImageChoiceView.swift in Sources */ = {isa = PBXBuildFile; fileRef = 38F4F6C52C4AD35C004E7A8D /* ImageChoiceView.swift */; };
		5E05B53D2C2E135D00A0A83B /* DoneKeyboardToolbar.swift in Sources */ = {isa = PBXBuildFile; fileRef = 5E05B53C2C2E135D00A0A83B /* DoneKeyboardToolbar.swift */; };
		5E44D4482C24A6FF0045007E /* NumericQuestionView.swift in Sources */ = {isa = PBXBuildFile; fileRef = 5E44D4472C24A6FF0045007E /* NumericQuestionView.swift */; };
		5E507F812C1141F2002958E2 /* SliderValueForegroundStyle.swift in Sources */ = {isa = PBXBuildFile; fileRef = 5E507F802C1141F2002958E2 /* SliderValueForegroundStyle.swift */; };
		5EAFC71C2C7549BD008560D7 /* NavigationalLayout.swift in Sources */ = {isa = PBXBuildFile; fileRef = 5EAFC71B2C7549B9008560D7 /* NavigationalLayout.swift */; };
		5EBAA2892C3E064900F193C6 /* InstructionStep.swift in Sources */ = {isa = PBXBuildFile; fileRef = 5EBAA2882C3E064900F193C6 /* InstructionStep.swift */; };
		5EBAA28D2C40634800F193C6 /* BodyItemIconForegroundStyle.swift in Sources */ = {isa = PBXBuildFile; fileRef = 5EBAA28C2C40634800F193C6 /* BodyItemIconForegroundStyle.swift */; };
		5EBAA28F2C4063C100F193C6 /* StepIconForegroundStyle.swift in Sources */ = {isa = PBXBuildFile; fileRef = 5EBAA28E2C4063C100F193C6 /* StepIconForegroundStyle.swift */; };
		5ED16E272C5AF7E50072016D /* InstructionBodyItem.swift in Sources */ = {isa = PBXBuildFile; fileRef = 5ED16E262C5AF7DF0072016D /* InstructionBodyItem.swift */; };
		5EDFA9D72BFFFA2B0044C156 /* StepHeaderView.swift in Sources */ = {isa = PBXBuildFile; fileRef = 5EDFA9D62BFFFA2B0044C156 /* StepHeaderView.swift */; };
		5EDFA9D92BFFFF0F0044C156 /* ListHeaderView.swift in Sources */ = {isa = PBXBuildFile; fileRef = 5EDFA9D82BFFFF0F0044C156 /* ListHeaderView.swift */; };
		5EE5FD312C6A8486004BBABF /* StateManagementType.swift in Sources */ = {isa = PBXBuildFile; fileRef = 5EE5FD302C6A8482004BBABF /* StateManagementType.swift */; };
		69EE51532C77F1B8008B2AD6 /* Optional.swift in Sources */ = {isa = PBXBuildFile; fileRef = 69EE51522C77F1B8008B2AD6 /* Optional.swift */; };
		E46F44CF2C66BF25009E5762 /* MultipleChoiceQuestionView.swift in Sources */ = {isa = PBXBuildFile; fileRef = E4DBF1B52B97C2AC0085D6A1 /* MultipleChoiceQuestionView.swift */; };
		E49B08DA2C73EDD000669012 /* ResearchKit.framework in Frameworks */ = {isa = PBXBuildFile; fileRef = E49B08D92C73EDD000669012 /* ResearchKit.framework */; };
		E4DBF1B42B97C2980085D6A1 /* BooleanQuestionView.swift in Sources */ = {isa = PBXBuildFile; fileRef = E4DBF1B32B97C2980085D6A1 /* BooleanQuestionView.swift */; };
		E4DBF1B92B97C3060085D6A1 /* TextChoiceCell.swift in Sources */ = {isa = PBXBuildFile; fileRef = E4DBF1B82B97C3030085D6A1 /* TextChoiceCell.swift */; };
		E4DBF1BF2BA24AA40085D6A1 /* StickyScrollView.swift in Sources */ = {isa = PBXBuildFile; fileRef = E4DBF1BE2BA24AA10085D6A1 /* StickyScrollView.swift */; };
		E4DBF1C12BA24B190085D6A1 /* StickyFooterLayout.swift in Sources */ = {isa = PBXBuildFile; fileRef = E4DBF1C02BA24B150085D6A1 /* StickyFooterLayout.swift */; };
		E4DBF1C32BA24B8B0085D6A1 /* StickyScrollView+StickyLayout.swift in Sources */ = {isa = PBXBuildFile; fileRef = E4DBF1C22BA24B860085D6A1 /* StickyScrollView+StickyLayout.swift */; };
		E4E0AFCA2C5B12B40082ADF8 /* Color+ResearchFormColors.swift in Sources */ = {isa = PBXBuildFile; fileRef = E4E0AFC92C5B12B40082ADF8 /* Color+ResearchFormColors.swift */; };
		E4E1CD522BED3AB20030D1F5 /* ViewModel.swift in Sources */ = {isa = PBXBuildFile; fileRef = E4E1CD512BED3AAE0030D1F5 /* ViewModel.swift */; };
		E4E1CD592BED9ECE0030D1F5 /* FormRow.swift in Sources */ = {isa = PBXBuildFile; fileRef = E4E1CD582BED9ECE0030D1F5 /* FormRow.swift */; };
		E4FBFEDD2C6C0D0500F50946 /* ScaleSliderQuestionView.swift in Sources */ = {isa = PBXBuildFile; fileRef = BA32DE9E2BCF34440041A937 /* ScaleSliderQuestionView.swift */; };
		E4FC4FAB2BC88F3F00E0AEBF /* FormStepViewModel.swift in Sources */ = {isa = PBXBuildFile; fileRef = E4FC4FAA2BC88F3F00E0AEBF /* FormStepViewModel.swift */; };
/* End PBXBuildFile section */

/* Begin PBXContainerItemProxy section */
		38DB82E42C753A8B0074B95D /* PBXContainerItemProxy */ = {
			isa = PBXContainerItemProxy;
			containerPortal = 0BF86B142B4F360000E3790E /* Project object */;
			proxyType = 1;
			remoteGlobalIDString = 0BF86B1C2B4F360000E3790E;
			remoteInfo = "ResearchKitUI(Watch)";
		};
/* End PBXContainerItemProxy section */

/* Begin PBXFileReference section */
		0B53DA5D2BD054EE00227126 /* en */ = {isa = PBXFileReference; lastKnownFileType = text.plist.strings; name = en; path = "en.lproj/ResearchKitUI(Watch).strings"; sourceTree = "<group>"; };
		0B72132C2B4F368600463E69 /* DefaultStepView.swift */ = {isa = PBXFileReference; fileEncoding = 4; lastKnownFileType = sourcecode.swift; path = DefaultStepView.swift; sourceTree = "<group>"; };
		0B72132F2B4F36B900463E69 /* ResearchKit.framework */ = {isa = PBXFileReference; explicitFileType = wrapper.framework; path = ResearchKit.framework; sourceTree = BUILT_PRODUCTS_DIR; };
		0B7213332B4F36C600463E69 /* ResearchKitInternal.framework */ = {isa = PBXFileReference; explicitFileType = wrapper.framework; path = ResearchKitInternal.framework; sourceTree = BUILT_PRODUCTS_DIR; };
		0B7213362B4F373300463E69 /* ResearchKitCore.framework */ = {isa = PBXFileReference; explicitFileType = wrapper.framework; path = ResearchKitCore.framework; sourceTree = BUILT_PRODUCTS_DIR; };
		0B7213392B4F379500463E69 /* ResearchKitUI.framework */ = {isa = PBXFileReference; explicitFileType = wrapper.framework; path = ResearchKitUI.framework; sourceTree = BUILT_PRODUCTS_DIR; };
		0B72133C2B4F37B300463E69 /* ResearchKitActiveTask.framework */ = {isa = PBXFileReference; explicitFileType = wrapper.framework; path = ResearchKitActiveTask.framework; sourceTree = BUILT_PRODUCTS_DIR; };
		0B72133F2B4F395C00463E69 /* TaskManager.swift */ = {isa = PBXFileReference; fileEncoding = 4; lastKnownFileType = sourcecode.swift; path = TaskManager.swift; sourceTree = "<group>"; };
		0B7213412B4F396B00463E69 /* CompletionStepView.swift */ = {isa = PBXFileReference; fileEncoding = 4; lastKnownFileType = sourcecode.swift; path = CompletionStepView.swift; sourceTree = "<group>"; };
		0B7213432B4F397A00463E69 /* InstructionStepView.swift */ = {isa = PBXFileReference; fileEncoding = 4; lastKnownFileType = sourcecode.swift; path = InstructionStepView.swift; sourceTree = "<group>"; };
		0B7213452B4F398500463E69 /* FormStepView.swift */ = {isa = PBXFileReference; fileEncoding = 4; lastKnownFileType = sourcecode.swift; path = FormStepView.swift; sourceTree = "<group>"; };
		0B7213492B4F39CC00463E69 /* View+Task.swift */ = {isa = PBXFileReference; fileEncoding = 4; lastKnownFileType = sourcecode.swift; path = "View+Task.swift"; sourceTree = "<group>"; };
		0B72134A2B4F39CC00463E69 /* TaskContentView.swift */ = {isa = PBXFileReference; fileEncoding = 4; lastKnownFileType = sourcecode.swift; path = TaskContentView.swift; sourceTree = "<group>"; };
		0B72134B2B4F39CC00463E69 /* TaskView.swift */ = {isa = PBXFileReference; fileEncoding = 4; lastKnownFileType = sourcecode.swift; path = TaskView.swift; sourceTree = "<group>"; };
		0B72134C2B4F39CC00463E69 /* ORKScrollViewReader.swift */ = {isa = PBXFileReference; fileEncoding = 4; lastKnownFileType = sourcecode.swift; path = ORKScrollViewReader.swift; sourceTree = "<group>"; };
		0B72134D2B4F39CC00463E69 /* View+OnChange.swift */ = {isa = PBXFileReference; fileEncoding = 4; lastKnownFileType = sourcecode.swift; path = "View+OnChange.swift"; sourceTree = "<group>"; };
		0B7213542B4F3A8400463E69 /* ResearchKit.framework */ = {isa = PBXFileReference; explicitFileType = wrapper.framework; path = ResearchKit.framework; sourceTree = BUILT_PRODUCTS_DIR; };
		0B7213572B4F3ABD00463E69 /* ResearchKitActiveTask.framework */ = {isa = PBXFileReference; explicitFileType = wrapper.framework; path = ResearchKitActiveTask.framework; sourceTree = BUILT_PRODUCTS_DIR; };
		0B72135A2B4F3AD400463E69 /* ResearchKitInternal.framework */ = {isa = PBXFileReference; explicitFileType = wrapper.framework; path = ResearchKitInternal.framework; sourceTree = BUILT_PRODUCTS_DIR; };
		0B72135D2B4F3C7600463E69 /* ResearchKitInternal.framework */ = {isa = PBXFileReference; explicitFileType = wrapper.framework; path = ResearchKitInternal.framework; sourceTree = BUILT_PRODUCTS_DIR; };
		0B7213612B4F3C7F00463E69 /* ResearchKit.framework */ = {isa = PBXFileReference; explicitFileType = wrapper.framework; path = ResearchKit.framework; sourceTree = BUILT_PRODUCTS_DIR; };
		0B7213642B4F3C8200463E69 /* ResearchKitCore.framework */ = {isa = PBXFileReference; explicitFileType = wrapper.framework; path = ResearchKitCore.framework; sourceTree = BUILT_PRODUCTS_DIR; };
		0B7213672B4F3CB200463E69 /* ResearchKitUI.framework */ = {isa = PBXFileReference; explicitFileType = wrapper.framework; path = ResearchKitUI.framework; sourceTree = BUILT_PRODUCTS_DIR; };
		0B72136A2B4F3D1D00463E69 /* ResearchKitCore.framework */ = {isa = PBXFileReference; explicitFileType = wrapper.framework; path = ResearchKitCore.framework; sourceTree = BUILT_PRODUCTS_DIR; };
		0BF86B1D2B4F360000E3790E /* ResearchKitUI_Watch_.framework */ = {isa = PBXFileReference; explicitFileType = wrapper.framework; includeInIndex = 0; path = ResearchKitUI_Watch_.framework; sourceTree = BUILT_PRODUCTS_DIR; };
		0BF86B212B4F360000E3790E /* ResearchKitUIWatch.docc */ = {isa = PBXFileReference; lastKnownFileType = folder.documentationcatalog; path = ResearchKitUIWatch.docc; sourceTree = "<group>"; };
		380E14AF2C3350A900085D2B /* ResearchForm.swift */ = {isa = PBXFileReference; lastKnownFileType = sourcecode.swift; path = ResearchForm.swift; sourceTree = "<group>"; };
		3810A3C52C7D126700535B38 /* ORKSerializationEntryProvider.h */ = {isa = PBXFileReference; lastKnownFileType = sourcecode.c.h; path = ORKSerializationEntryProvider.h; sourceTree = "<group>"; };
		3810A3C62C7D126700535B38 /* ORKSerializationEntryProvider.m */ = {isa = PBXFileReference; lastKnownFileType = sourcecode.c.objc; path = ORKSerializationEntryProvider.m; sourceTree = "<group>"; };
		3810A3C72C7D126700535B38 /* ORKCoreSerializationEntryProvider.h */ = {isa = PBXFileReference; lastKnownFileType = sourcecode.c.h; path = ORKCoreSerializationEntryProvider.h; sourceTree = "<group>"; };
		3810A3C82C7D126700535B38 /* ORKCoreSerializationEntryProvider.m */ = {isa = PBXFileReference; lastKnownFileType = sourcecode.c.objc; path = ORKCoreSerializationEntryProvider.m; sourceTree = "<group>"; };
		3810A3C92C7D126700535B38 /* ORKSwiftUISerializationEntryProvider.h */ = {isa = PBXFileReference; lastKnownFileType = sourcecode.c.h; path = ORKSwiftUISerializationEntryProvider.h; sourceTree = "<group>"; };
		3810A3CA2C7D126700535B38 /* ORKSwiftUISerializationEntryProvider.m */ = {isa = PBXFileReference; lastKnownFileType = sourcecode.c.objc; path = ORKSwiftUISerializationEntryProvider.m; sourceTree = "<group>"; };
		3810A3CC2C7D126700535B38 /* ORKIESerializer.h */ = {isa = PBXFileReference; lastKnownFileType = sourcecode.c.h; path = ORKIESerializer.h; sourceTree = "<group>"; };
		3810A3CD2C7D126700535B38 /* ORKIESerializer.m */ = {isa = PBXFileReference; lastKnownFileType = sourcecode.c.objc; path = ORKIESerializer.m; sourceTree = "<group>"; };
		3810A3CE2C7D126700535B38 /* ORKESerialization+Helpers.h */ = {isa = PBXFileReference; lastKnownFileType = sourcecode.c.h; path = "ORKESerialization+Helpers.h"; sourceTree = "<group>"; };
		3810A3CF2C7D126700535B38 /* ORKESerialization+Helpers.m */ = {isa = PBXFileReference; lastKnownFileType = sourcecode.c.objc; path = "ORKESerialization+Helpers.m"; sourceTree = "<group>"; };
		3810A3D02C7D126700535B38 /* ORKESerializer+SwiftUIEntryProvider.h */ = {isa = PBXFileReference; lastKnownFileType = sourcecode.c.h; path = "ORKESerializer+SwiftUIEntryProvider.h"; sourceTree = "<group>"; };
		3810A3D12C7D126700535B38 /* ORKESerializer+SwiftUIEntryProvider.m */ = {isa = PBXFileReference; lastKnownFileType = sourcecode.c.objc; path = "ORKESerializer+SwiftUIEntryProvider.m"; sourceTree = "<group>"; };
		3810A4002C7D270000535B38 /* ResearchKitUI_Watch_.modulemap */ = {isa = PBXFileReference; lastKnownFileType = "sourcecode.module-map"; path = ResearchKitUI_Watch_.modulemap; sourceTree = "<group>"; };
		3810A4012C7D391500535B38 /* ResearchKitUI_Watch_.h */ = {isa = PBXFileReference; lastKnownFileType = sourcecode.c.h; path = ResearchKitUI_Watch_.h; sourceTree = "<group>"; };
		3815C0132C2081CE00A29CD3 /* DateTimeView.swift */ = {isa = PBXFileReference; lastKnownFileType = sourcecode.swift; path = DateTimeView.swift; sourceTree = "<group>"; };
		381CAC072C34C61D00FCE89A /* FormRowContent.swift */ = {isa = PBXFileReference; lastKnownFileType = sourcecode.swift; path = FormRowContent.swift; sourceTree = "<group>"; };
		381CAC092C35E05A00FCE89A /* ResearchFormStepContentView.swift */ = {isa = PBXFileReference; lastKnownFileType = sourcecode.swift; path = ResearchFormStepContentView.swift; sourceTree = "<group>"; };
		381CAC0B2C35F4C300FCE89A /* ResearchTaskCompletion.swift */ = {isa = PBXFileReference; lastKnownFileType = sourcecode.swift; path = ResearchTaskCompletion.swift; sourceTree = "<group>"; };
		381CAC0F2C3C759200FCE89A /* HeightQuestionView.swift */ = {isa = PBXFileReference; lastKnownFileType = sourcecode.swift; path = HeightQuestionView.swift; sourceTree = "<group>"; };
		381E23F02C4097040095EBBB /* WeightQuestion.swift */ = {isa = PBXFileReference; lastKnownFileType = sourcecode.swift; path = WeightQuestion.swift; sourceTree = "<group>"; };
		3820BE1F2C6574350012CB2C /* ResearchTaskResult.swift */ = {isa = PBXFileReference; lastKnownFileType = sourcecode.swift; path = ResearchTaskResult.swift; sourceTree = "<group>"; };
		3820BE202C6574640012CB2C /* StepResultKey.swift */ = {isa = PBXFileReference; lastKnownFileType = sourcecode.swift; path = StepResultKey.swift; sourceTree = "<group>"; };
		382A57402C5AB02700EE7DB3 /* QuestionStep.swift */ = {isa = PBXFileReference; lastKnownFileType = sourcecode.swift; path = QuestionStep.swift; sourceTree = "<group>"; };
		382CF7842C3F262F000F3433 /* WeightQuestionView.swift */ = {isa = PBXFileReference; lastKnownFileType = sourcecode.swift; path = WeightQuestionView.swift; sourceTree = "<group>"; };
		386ABFBD2C2F80060006B84D /* MultipleChoiceQuestion.swift */ = {isa = PBXFileReference; lastKnownFileType = sourcecode.swift; path = MultipleChoiceQuestion.swift; sourceTree = "<group>"; };
		386ABFC32C2F80D90006B84D /* ScaleSliderQuestion.swift */ = {isa = PBXFileReference; lastKnownFileType = sourcecode.swift; path = ScaleSliderQuestion.swift; sourceTree = "<group>"; };
		389694172C6E7621007BA17D /* Utilities.swift */ = {isa = PBXFileReference; lastKnownFileType = sourcecode.swift; path = Utilities.swift; sourceTree = "<group>"; };
		38CD260F2C1909CC000FDBB0 /* FormItemCardView.swift */ = {isa = PBXFileReference; lastKnownFileType = sourcecode.swift; path = FormItemCardView.swift; sourceTree = "<group>"; };
		38CD26382C1B90F3000FDBB0 /* RKAdapter.swift */ = {isa = PBXFileReference; lastKnownFileType = sourcecode.swift; path = RKAdapter.swift; sourceTree = "<group>"; };
		38CD263A2C1BA6EA000FDBB0 /* TextQuestionView.swift */ = {isa = PBXFileReference; lastKnownFileType = sourcecode.swift; path = TextQuestionView.swift; sourceTree = "<group>"; };
		38DB82DF2C753A8B0074B95D /* ResearchKitSwiftUITests.xctest */ = {isa = PBXFileReference; explicitFileType = wrapper.cfbundle; includeInIndex = 0; path = ResearchKitSwiftUITests.xctest; sourceTree = BUILT_PRODUCTS_DIR; };
		38F4F6C52C4AD35C004E7A8D /* ImageChoiceView.swift */ = {isa = PBXFileReference; lastKnownFileType = sourcecode.swift; path = ImageChoiceView.swift; sourceTree = "<group>"; };
		5E05B53C2C2E135D00A0A83B /* DoneKeyboardToolbar.swift */ = {isa = PBXFileReference; lastKnownFileType = sourcecode.swift; path = DoneKeyboardToolbar.swift; sourceTree = "<group>"; };
		5E44D4472C24A6FF0045007E /* NumericQuestionView.swift */ = {isa = PBXFileReference; lastKnownFileType = sourcecode.swift; path = NumericQuestionView.swift; sourceTree = "<group>"; };
		5E507F802C1141F2002958E2 /* SliderValueForegroundStyle.swift */ = {isa = PBXFileReference; lastKnownFileType = sourcecode.swift; path = SliderValueForegroundStyle.swift; sourceTree = "<group>"; };
		5E7596BC2BE049B90088F7B7 /* ResearchKit.framework */ = {isa = PBXFileReference; explicitFileType = wrapper.framework; path = ResearchKit.framework; sourceTree = BUILT_PRODUCTS_DIR; };
		5EAFC71B2C7549B9008560D7 /* NavigationalLayout.swift */ = {isa = PBXFileReference; lastKnownFileType = sourcecode.swift; path = NavigationalLayout.swift; sourceTree = "<group>"; };
		5EBAA2882C3E064900F193C6 /* InstructionStep.swift */ = {isa = PBXFileReference; lastKnownFileType = sourcecode.swift; path = InstructionStep.swift; sourceTree = "<group>"; };
		5EBAA28C2C40634800F193C6 /* BodyItemIconForegroundStyle.swift */ = {isa = PBXFileReference; lastKnownFileType = sourcecode.swift; path = BodyItemIconForegroundStyle.swift; sourceTree = "<group>"; };
		5EBAA28E2C4063C100F193C6 /* StepIconForegroundStyle.swift */ = {isa = PBXFileReference; lastKnownFileType = sourcecode.swift; path = StepIconForegroundStyle.swift; sourceTree = "<group>"; };
		5ED16E262C5AF7DF0072016D /* InstructionBodyItem.swift */ = {isa = PBXFileReference; lastKnownFileType = sourcecode.swift; path = InstructionBodyItem.swift; sourceTree = "<group>"; };
		5EDFA9D62BFFFA2B0044C156 /* StepHeaderView.swift */ = {isa = PBXFileReference; lastKnownFileType = sourcecode.swift; path = StepHeaderView.swift; sourceTree = "<group>"; };
		5EDFA9D82BFFFF0F0044C156 /* ListHeaderView.swift */ = {isa = PBXFileReference; lastKnownFileType = sourcecode.swift; path = ListHeaderView.swift; sourceTree = "<group>"; };
		5EE5FD302C6A8482004BBABF /* StateManagementType.swift */ = {isa = PBXFileReference; lastKnownFileType = sourcecode.swift; path = StateManagementType.swift; sourceTree = "<group>"; };
		69EE51522C77F1B8008B2AD6 /* Optional.swift */ = {isa = PBXFileReference; lastKnownFileType = sourcecode.swift; path = Optional.swift; sourceTree = "<group>"; };
		BA32DE9E2BCF34440041A937 /* ScaleSliderQuestionView.swift */ = {isa = PBXFileReference; lastKnownFileType = sourcecode.swift; path = ScaleSliderQuestionView.swift; sourceTree = "<group>"; };
		E49B08D92C73EDD000669012 /* ResearchKit.framework */ = {isa = PBXFileReference; explicitFileType = wrapper.framework; path = ResearchKit.framework; sourceTree = BUILT_PRODUCTS_DIR; };
		E4B087862C668EA500EFCE35 /* ResearchKit.framework */ = {isa = PBXFileReference; explicitFileType = wrapper.framework; path = ResearchKit.framework; sourceTree = BUILT_PRODUCTS_DIR; };
		E4B0878A2C668EB100EFCE35 /* ResearchKit.framework */ = {isa = PBXFileReference; explicitFileType = wrapper.framework; path = ResearchKit.framework; sourceTree = BUILT_PRODUCTS_DIR; };
		E4B0878B2C668EBB00EFCE35 /* ResearchKit.framework */ = {isa = PBXFileReference; explicitFileType = wrapper.framework; path = ResearchKit.framework; sourceTree = BUILT_PRODUCTS_DIR; };
		E4DBF1B32B97C2980085D6A1 /* BooleanQuestionView.swift */ = {isa = PBXFileReference; fileEncoding = 4; lastKnownFileType = sourcecode.swift; path = BooleanQuestionView.swift; sourceTree = "<group>"; };
		E4DBF1B52B97C2AC0085D6A1 /* MultipleChoiceQuestionView.swift */ = {isa = PBXFileReference; lastKnownFileType = sourcecode.swift; path = MultipleChoiceQuestionView.swift; sourceTree = "<group>"; };
		E4DBF1B82B97C3030085D6A1 /* TextChoiceCell.swift */ = {isa = PBXFileReference; lastKnownFileType = sourcecode.swift; path = TextChoiceCell.swift; sourceTree = "<group>"; };
		E4DBF1BE2BA24AA10085D6A1 /* StickyScrollView.swift */ = {isa = PBXFileReference; lastKnownFileType = sourcecode.swift; path = StickyScrollView.swift; sourceTree = "<group>"; };
		E4DBF1C02BA24B150085D6A1 /* StickyFooterLayout.swift */ = {isa = PBXFileReference; lastKnownFileType = sourcecode.swift; path = StickyFooterLayout.swift; sourceTree = "<group>"; };
		E4DBF1C22BA24B860085D6A1 /* StickyScrollView+StickyLayout.swift */ = {isa = PBXFileReference; lastKnownFileType = sourcecode.swift; path = "StickyScrollView+StickyLayout.swift"; sourceTree = "<group>"; };
		E4E0AFC92C5B12B40082ADF8 /* Color+ResearchFormColors.swift */ = {isa = PBXFileReference; lastKnownFileType = sourcecode.swift; path = "Color+ResearchFormColors.swift"; sourceTree = "<group>"; };
		E4E1CD512BED3AAE0030D1F5 /* ViewModel.swift */ = {isa = PBXFileReference; lastKnownFileType = sourcecode.swift; path = ViewModel.swift; sourceTree = "<group>"; };
		E4E1CD582BED9ECE0030D1F5 /* FormRow.swift */ = {isa = PBXFileReference; fileEncoding = 4; lastKnownFileType = sourcecode.swift; name = FormRow.swift; path = "Step Views/Question Views/FormRow.swift"; sourceTree = "<group>"; };
		E4F940312C597E4A001B14BD /* ResearchKitCore.framework */ = {isa = PBXFileReference; explicitFileType = wrapper.framework; path = ResearchKitCore.framework; sourceTree = BUILT_PRODUCTS_DIR; };
		E4FC4FAA2BC88F3F00E0AEBF /* FormStepViewModel.swift */ = {isa = PBXFileReference; fileEncoding = 4; lastKnownFileType = sourcecode.swift; name = FormStepViewModel.swift; path = "Step Views/FormStepViewModel.swift"; sourceTree = "<group>"; };
/* End PBXFileReference section */

/* Begin PBXFileSystemSynchronizedRootGroup section */
		38DB82E02C753A8B0074B95D /* ResearchKitSwiftUITests */ = {isa = PBXFileSystemSynchronizedRootGroup; explicitFileTypes = {}; explicitFolders = (); path = ResearchKitSwiftUITests; sourceTree = "<group>"; };
/* End PBXFileSystemSynchronizedRootGroup section */

/* Begin PBXFrameworksBuildPhase section */
		0BF86B1A2B4F360000E3790E /* Frameworks */ = {
			isa = PBXFrameworksBuildPhase;
			buildActionMask = 2147483647;
			files = (
				E49B08DA2C73EDD000669012 /* ResearchKit.framework in Frameworks */,
			);
			runOnlyForDeploymentPostprocessing = 0;
		};
		38DB82DC2C753A8B0074B95D /* Frameworks */ = {
			isa = PBXFrameworksBuildPhase;
			buildActionMask = 2147483647;
			files = (
				38DB82E32C753A8B0074B95D /* ResearchKitUI_Watch_.framework in Frameworks */,
			);
			runOnlyForDeploymentPostprocessing = 0;
		};
/* End PBXFrameworksBuildPhase section */

/* Begin PBXGroup section */
		0B53DA5F2BD054EE00227126 /* Localized */ = {
			isa = PBXGroup;
			children = (
				0B53DA5E2BD054EE00227126 /* ResearchKitUI(Watch).strings */,
			);
			path = Localized;
			sourceTree = "<group>";
		};
		0B72132E2B4F36B900463E69 /* Frameworks */ = {
			isa = PBXGroup;
			children = (
				E49B08D92C73EDD000669012 /* ResearchKit.framework */,
				E4B0878B2C668EBB00EFCE35 /* ResearchKit.framework */,
				E4B0878A2C668EB100EFCE35 /* ResearchKit.framework */,
				E4B087862C668EA500EFCE35 /* ResearchKit.framework */,
				E4F940312C597E4A001B14BD /* ResearchKitCore.framework */,
				5E7596BC2BE049B90088F7B7 /* ResearchKit.framework */,
				0B72135D2B4F3C7600463E69 /* ResearchKitInternal.framework */,
				0B7213612B4F3C7F00463E69 /* ResearchKit.framework */,
				0B72136A2B4F3D1D00463E69 /* ResearchKitCore.framework */,
				0B7213672B4F3CB200463E69 /* ResearchKitUI.framework */,
				0B7213642B4F3C8200463E69 /* ResearchKitCore.framework */,
				0B7213542B4F3A8400463E69 /* ResearchKit.framework */,
				0B7213572B4F3ABD00463E69 /* ResearchKitActiveTask.framework */,
				0B72135A2B4F3AD400463E69 /* ResearchKitInternal.framework */,
				0B72132F2B4F36B900463E69 /* ResearchKit.framework */,
				0B7213332B4F36C600463E69 /* ResearchKitInternal.framework */,
				0B7213362B4F373300463E69 /* ResearchKitCore.framework */,
				0B7213392B4F379500463E69 /* ResearchKitUI.framework */,
				0B72133C2B4F37B300463E69 /* ResearchKitActiveTask.framework */,
			);
			name = Frameworks;
			sourceTree = "<group>";
		};
		0B7213472B4F39A500463E69 /* Step Views */ = {
			isa = PBXGroup;
			children = (
				69EE514F2C77F17F008B2AD6 /* View Modifiers */,
				386ABFBF2C2F80380006B84D /* Question Models */,
				E4DBF1B22B97C27E0085D6A1 /* Question Views */,
				0B72132C2B4F368600463E69 /* DefaultStepView.swift */,
				0B7213412B4F396B00463E69 /* CompletionStepView.swift */,
				0B7213432B4F397A00463E69 /* InstructionStepView.swift */,
				0B7213452B4F398500463E69 /* FormStepView.swift */,
				5EDFA9D82BFFFF0F0044C156 /* ListHeaderView.swift */,
				5EDFA9D62BFFFA2B0044C156 /* StepHeaderView.swift */,
				0B72133F2B4F395C00463E69 /* TaskManager.swift */,
				5EBAA28C2C40634800F193C6 /* BodyItemIconForegroundStyle.swift */,
				5EBAA28E2C4063C100F193C6 /* StepIconForegroundStyle.swift */,
			);
			path = "Step Views";
			sourceTree = "<group>";
		};
		0BF86B132B4F360000E3790E = {
			isa = PBXGroup;
			children = (
				3810A4012C7D391500535B38 /* ResearchKitUI_Watch_.h */,
				3810A4002C7D270000535B38 /* ResearchKitUI_Watch_.modulemap */,
				3810A3D42C7D126700535B38 /* Serializer */,
				3820BE1E2C65742D0012CB2C /* Results */,
				5ED16E262C5AF7DF0072016D /* InstructionBodyItem.swift */,
				381CAC0B2C35F4C300FCE89A /* ResearchTaskCompletion.swift */,
				380E14AF2C3350A900085D2B /* ResearchForm.swift */,
				5EAFC71B2C7549B9008560D7 /* NavigationalLayout.swift */,
				381CAC092C35E05A00FCE89A /* ResearchFormStepContentView.swift */,
				381CAC072C34C61D00FCE89A /* FormRowContent.swift */,
				38CD26382C1B90F3000FDBB0 /* RKAdapter.swift */,
				0B53DA5F2BD054EE00227126 /* Localized */,
				0BF86B1F2B4F360000E3790E /* ResearchKitUIWatch */,
				38DB82E02C753A8B0074B95D /* ResearchKitSwiftUITests */,
				0BF86B1E2B4F360000E3790E /* Products */,
				0B72132E2B4F36B900463E69 /* Frameworks */,
			);
			sourceTree = "<group>";
		};
		0BF86B1E2B4F360000E3790E /* Products */ = {
			isa = PBXGroup;
			children = (
				0BF86B1D2B4F360000E3790E /* ResearchKitUI_Watch_.framework */,
				38DB82DF2C753A8B0074B95D /* ResearchKitSwiftUITests.xctest */,
			);
			name = Products;
			sourceTree = "<group>";
		};
		0BF86B1F2B4F360000E3790E /* ResearchKitUIWatch */ = {
			isa = PBXGroup;
			children = (
				E4E1CD582BED9ECE0030D1F5 /* FormRow.swift */,
				E4E1CD512BED3AAE0030D1F5 /* ViewModel.swift */,
				E4FC4FAA2BC88F3F00E0AEBF /* FormStepViewModel.swift */,
				0B72134B2B4F39CC00463E69 /* TaskView.swift */,
				0B72134A2B4F39CC00463E69 /* TaskContentView.swift */,
				0B7213492B4F39CC00463E69 /* View+Task.swift */,
				0B72134D2B4F39CC00463E69 /* View+OnChange.swift */,
				0B72134C2B4F39CC00463E69 /* ORKScrollViewReader.swift */,
				5EB97C782C459C2100B15709 /* Steps */,
				0B7213472B4F39A500463E69 /* Step Views */,
				5E507F822C1144DE002958E2 /* Slider */,
				5E05B53B2C2E134900A0A83B /* SwiftUIKit */,
				0BF86B212B4F360000E3790E /* ResearchKitUIWatch.docc */,
				E4E0AFC92C5B12B40082ADF8 /* Color+ResearchFormColors.swift */,
			);
			path = ResearchKitUIWatch;
			sourceTree = "<group>";
		};
		3810A3CB2C7D126700535B38 /* Serialization Entry Providers */ = {
			isa = PBXGroup;
			children = (
				3810A3C52C7D126700535B38 /* ORKSerializationEntryProvider.h */,
				3810A3C62C7D126700535B38 /* ORKSerializationEntryProvider.m */,
				3810A3C72C7D126700535B38 /* ORKCoreSerializationEntryProvider.h */,
				3810A3C82C7D126700535B38 /* ORKCoreSerializationEntryProvider.m */,
				3810A3C92C7D126700535B38 /* ORKSwiftUISerializationEntryProvider.h */,
				3810A3CA2C7D126700535B38 /* ORKSwiftUISerializationEntryProvider.m */,
			);
			path = "Serialization Entry Providers";
			sourceTree = "<group>";
		};
		3810A3D22C7D126700535B38 /* RefactoredSerializer */ = {
			isa = PBXGroup;
			children = (
				3810A3CC2C7D126700535B38 /* ORKIESerializer.h */,
				3810A3CD2C7D126700535B38 /* ORKIESerializer.m */,
				3810A3CE2C7D126700535B38 /* ORKESerialization+Helpers.h */,
				3810A3CF2C7D126700535B38 /* ORKESerialization+Helpers.m */,
				3810A3D02C7D126700535B38 /* ORKESerializer+SwiftUIEntryProvider.h */,
				3810A3D12C7D126700535B38 /* ORKESerializer+SwiftUIEntryProvider.m */,
			);
			path = RefactoredSerializer;
			sourceTree = "<group>";
		};
		3810A3D42C7D126700535B38 /* Serializer */ = {
			isa = PBXGroup;
			children = (
				3810A3CB2C7D126700535B38 /* Serialization Entry Providers */,
				3810A3D22C7D126700535B38 /* RefactoredSerializer */,
			);
			path = Serializer;
			sourceTree = "<group>";
		};
		3820BE1E2C65742D0012CB2C /* Results */ = {
			isa = PBXGroup;
			children = (
				3820BE202C6574640012CB2C /* StepResultKey.swift */,
				3820BE1F2C6574350012CB2C /* ResearchTaskResult.swift */,
			);
			path = Results;
			sourceTree = "<group>";
		};
		386ABFBF2C2F80380006B84D /* Question Models */ = {
			isa = PBXGroup;
			children = (
				381E23F02C4097040095EBBB /* WeightQuestion.swift */,
				386ABFC32C2F80D90006B84D /* ScaleSliderQuestion.swift */,
				386ABFBD2C2F80060006B84D /* MultipleChoiceQuestion.swift */,
			);
			path = "Question Models";
			sourceTree = "<group>";
		};
		5E05B53B2C2E134900A0A83B /* SwiftUIKit */ = {
			isa = PBXGroup;
			children = (
				5E05B53C2C2E135D00A0A83B /* DoneKeyboardToolbar.swift */,
			);
			path = SwiftUIKit;
			sourceTree = "<group>";
		};
		5E507F822C1144DE002958E2 /* Slider */ = {
			isa = PBXGroup;
			children = (
				5E507F802C1141F2002958E2 /* SliderValueForegroundStyle.swift */,
			);
			path = Slider;
			sourceTree = "<group>";
		};
		5EB97C782C459C2100B15709 /* Steps */ = {
			isa = PBXGroup;
			children = (
				5EBAA2882C3E064900F193C6 /* InstructionStep.swift */,
				382A57402C5AB02700EE7DB3 /* QuestionStep.swift */,
			);
			name = Steps;
			path = ..;
			sourceTree = "<group>";
		};
		69EE514F2C77F17F008B2AD6 /* View Modifiers */ = {
			isa = PBXGroup;
			children = (
				69EE51522C77F1B8008B2AD6 /* Optional.swift */,
			);
			path = "View Modifiers";
			sourceTree = "<group>";
		};
		E4DBF1B22B97C27E0085D6A1 /* Question Views */ = {
			isa = PBXGroup;
			children = (
				389694172C6E7621007BA17D /* Utilities.swift */,
				E4DBF1B72B97C2E80085D6A1 /* Supporting Views */,
				5EE5FD302C6A8482004BBABF /* StateManagementType.swift */,
				E4DBF1B52B97C2AC0085D6A1 /* MultipleChoiceQuestionView.swift */,
				E4DBF1B32B97C2980085D6A1 /* BooleanQuestionView.swift */,
				381CAC0F2C3C759200FCE89A /* HeightQuestionView.swift */,
				382CF7842C3F262F000F3433 /* WeightQuestionView.swift */,
				BA32DE9E2BCF34440041A937 /* ScaleSliderQuestionView.swift */,
				38CD263A2C1BA6EA000FDBB0 /* TextQuestionView.swift */,
				3815C0132C2081CE00A29CD3 /* DateTimeView.swift */,
				5E44D4472C24A6FF0045007E /* NumericQuestionView.swift */,
				38F4F6C52C4AD35C004E7A8D /* ImageChoiceView.swift */,
			);
			path = "Question Views";
			sourceTree = "<group>";
		};
		E4DBF1B72B97C2E80085D6A1 /* Supporting Views */ = {
			isa = PBXGroup;
			children = (
				E4DBF1C22BA24B860085D6A1 /* StickyScrollView+StickyLayout.swift */,
				E4DBF1C02BA24B150085D6A1 /* StickyFooterLayout.swift */,
				E4DBF1BE2BA24AA10085D6A1 /* StickyScrollView.swift */,
				E4DBF1B82B97C3030085D6A1 /* TextChoiceCell.swift */,
				38CD260F2C1909CC000FDBB0 /* FormItemCardView.swift */,
			);
			path = "Supporting Views";
			sourceTree = "<group>";
		};
/* End PBXGroup section */

/* Begin PBXHeadersBuildPhase section */
		3810A4032C7D3BA000535B38 /* Headers */ = {
			isa = PBXHeadersBuildPhase;
			buildActionMask = 2147483647;
			files = (
				3810A40B2C7D3EE700535B38 /* ResearchKitUI_Watch_.h in Headers */,
				3810A4052C7D3C0100535B38 /* ORKSerializationEntryProvider.h in Headers */,
				3810A4062C7D3C0500535B38 /* ORKCoreSerializationEntryProvider.h in Headers */,
				3810A4072C7D3C1000535B38 /* ORKSwiftUISerializationEntryProvider.h in Headers */,
				3810A4082C7D3C1B00535B38 /* ORKIESerializer.h in Headers */,
				3810A4092C7D3C2100535B38 /* ORKESerialization+Helpers.h in Headers */,
				3810A40A2C7D3C2600535B38 /* ORKESerializer+SwiftUIEntryProvider.h in Headers */,
			);
			runOnlyForDeploymentPostprocessing = 0;
		};
/* End PBXHeadersBuildPhase section */

/* Begin PBXNativeTarget section */
		0BF86B1C2B4F360000E3790E /* ResearchKitUI(Watch) */ = {
			isa = PBXNativeTarget;
			buildConfigurationList = 0BF86B262B4F360000E3790E /* Build configuration list for PBXNativeTarget "ResearchKitUI(Watch)" */;
			buildPhases = (
				3810A4032C7D3BA000535B38 /* Headers */,
				0BF86B192B4F360000E3790E /* Sources */,
				0BF86B1A2B4F360000E3790E /* Frameworks */,
				0BF86B1B2B4F360000E3790E /* Resources */,
			);
			buildRules = (
			);
			dependencies = (
			);
			name = "ResearchKitUI(Watch)";
			productName = ResearchKitUIWatch;
			productReference = 0BF86B1D2B4F360000E3790E /* ResearchKitUI_Watch_.framework */;
			productType = "com.apple.product-type.framework";
		};
		38DB82DE2C753A8B0074B95D /* ResearchKitSwiftUITests */ = {
			isa = PBXNativeTarget;
			buildConfigurationList = 38DB82E82C753A8B0074B95D /* Build configuration list for PBXNativeTarget "ResearchKitSwiftUITests" */;
			buildPhases = (
				38DB82DB2C753A8B0074B95D /* Sources */,
				38DB82DC2C753A8B0074B95D /* Frameworks */,
				38DB82DD2C753A8B0074B95D /* Resources */,
			);
			buildRules = (
			);
			dependencies = (
				38DB82E52C753A8B0074B95D /* PBXTargetDependency */,
			);
			fileSystemSynchronizedGroups = (
				38DB82E02C753A8B0074B95D /* ResearchKitSwiftUITests */,
			);
			name = ResearchKitSwiftUITests;
			packageProductDependencies = (
			);
			productName = ResearchKitSwiftUITests;
			productReference = 38DB82DF2C753A8B0074B95D /* ResearchKitSwiftUITests.xctest */;
			productType = "com.apple.product-type.bundle.unit-test";
		};
/* End PBXNativeTarget section */

/* Begin PBXProject section */
		0BF86B142B4F360000E3790E /* Project object */ = {
			isa = PBXProject;
			attributes = {
				BuildIndependentTargetsInParallel = 1;
				LastSwiftUpdateCheck = 1600;
				LastUpgradeCheck = 1510;
				TargetAttributes = {
					0BF86B1C2B4F360000E3790E = {
						CreatedOnToolsVersion = 15.1;
					};
					38DB82DE2C753A8B0074B95D = {
						CreatedOnToolsVersion = 16.0;
					};
				};
			};
			buildConfigurationList = 0BF86B172B4F360000E3790E /* Build configuration list for PBXProject "ResearchKitUI(Watch)" */;
			compatibilityVersion = "Xcode 14.0";
			developmentRegion = en;
			hasScannedForEncodings = 0;
			knownRegions = (
				en,
				Base,
			);
			mainGroup = 0BF86B132B4F360000E3790E;
			productRefGroup = 0BF86B1E2B4F360000E3790E /* Products */;
			projectDirPath = "";
			projectRoot = "";
			targets = (
				0BF86B1C2B4F360000E3790E /* ResearchKitUI(Watch) */,
				38DB82DE2C753A8B0074B95D /* ResearchKitSwiftUITests */,
			);
		};
/* End PBXProject section */

/* Begin PBXResourcesBuildPhase section */
		0BF86B1B2B4F360000E3790E /* Resources */ = {
			isa = PBXResourcesBuildPhase;
			buildActionMask = 2147483647;
			files = (
				0B53DA602BD054EE00227126 /* ResearchKitUI(Watch).strings in Resources */,
			);
			runOnlyForDeploymentPostprocessing = 0;
		};
		38DB82DD2C753A8B0074B95D /* Resources */ = {
			isa = PBXResourcesBuildPhase;
			buildActionMask = 2147483647;
			files = (
			);
			runOnlyForDeploymentPostprocessing = 0;
		};
/* End PBXResourcesBuildPhase section */

/* Begin PBXSourcesBuildPhase section */
		0BF86B192B4F360000E3790E /* Sources */ = {
			isa = PBXSourcesBuildPhase;
			buildActionMask = 2147483647;
			files = (
				E46F44CF2C66BF25009E5762 /* MultipleChoiceQuestionView.swift in Sources */,
				69EE51532C77F1B8008B2AD6 /* Optional.swift in Sources */,
				381CAC0C2C35F4CE00FCE89A /* ResearchTaskCompletion.swift in Sources */,
				E4DBF1C32BA24B8B0085D6A1 /* StickyScrollView+StickyLayout.swift in Sources */,
				E4DBF1C12BA24B190085D6A1 /* StickyFooterLayout.swift in Sources */,
				5E44D4482C24A6FF0045007E /* NumericQuestionView.swift in Sources */,
				0B7213502B4F39CC00463E69 /* TaskContentView.swift in Sources */,
				0B7213522B4F39CC00463E69 /* ORKScrollViewReader.swift in Sources */,
				3820BE222C6574C50012CB2C /* StepResultKey.swift in Sources */,
				E4DBF1BF2BA24AA40085D6A1 /* StickyScrollView.swift in Sources */,
				E4FBFEDD2C6C0D0500F50946 /* ScaleSliderQuestionView.swift in Sources */,
				3810A3D52C7D126700535B38 /* ORKSerializationEntryProvider.m in Sources */,
				3810A3D62C7D126700535B38 /* ORKIESerializer.m in Sources */,
				3810A3D72C7D126700535B38 /* ORKESerializer+SwiftUIEntryProvider.m in Sources */,
				3810A3D82C7D126700535B38 /* ORKESerialization+Helpers.m in Sources */,
				3810A3D92C7D126700535B38 /* ORKSwiftUISerializationEntryProvider.m in Sources */,
				3810A3DA2C7D126700535B38 /* ORKCoreSerializationEntryProvider.m in Sources */,
				E4FC4FAB2BC88F3F00E0AEBF /* FormStepViewModel.swift in Sources */,
				0B7213462B4F398500463E69 /* FormStepView.swift in Sources */,
				0B7213532B4F39CC00463E69 /* View+OnChange.swift in Sources */,
				382A57412C5AB02C00EE7DB3 /* QuestionStep.swift in Sources */,
				5EBAA28F2C4063C100F193C6 /* StepIconForegroundStyle.swift in Sources */,
				5EAFC71C2C7549BD008560D7 /* NavigationalLayout.swift in Sources */,
				5EBAA28D2C40634800F193C6 /* BodyItemIconForegroundStyle.swift in Sources */,
				5EDFA9D72BFFFA2B0044C156 /* StepHeaderView.swift in Sources */,
				5E507F812C1141F2002958E2 /* SliderValueForegroundStyle.swift in Sources */,
				381CAC082C34C62100FCE89A /* FormRowContent.swift in Sources */,
				E4E0AFCA2C5B12B40082ADF8 /* Color+ResearchFormColors.swift in Sources */,
				38CD26102C1909CC000FDBB0 /* FormItemCardView.swift in Sources */,
				380E14B02C3350A900085D2B /* ResearchForm.swift in Sources */,
				E4DBF1B92B97C3060085D6A1 /* TextChoiceCell.swift in Sources */,
				5E05B53D2C2E135D00A0A83B /* DoneKeyboardToolbar.swift in Sources */,
				3815C0142C2081CE00A29CD3 /* DateTimeView.swift in Sources */,
				382CF7852C3F2632000F3433 /* WeightQuestionView.swift in Sources */,
				E4E1CD522BED3AB20030D1F5 /* ViewModel.swift in Sources */,
				0B7213442B4F397A00463E69 /* InstructionStepView.swift in Sources */,
				E4E1CD592BED9ECE0030D1F5 /* FormRow.swift in Sources */,
				38F4F6C62C4AD35C004E7A8D /* ImageChoiceView.swift in Sources */,
				0B7213512B4F39CC00463E69 /* TaskView.swift in Sources */,
				0B7213422B4F396B00463E69 /* CompletionStepView.swift in Sources */,
				386ABFBE2C2F800E0006B84D /* MultipleChoiceQuestion.swift in Sources */,
				38CD263B2C1BA6EA000FDBB0 /* TextQuestionView.swift in Sources */,
				386ABFC42C2F80DE0006B84D /* ScaleSliderQuestion.swift in Sources */,
				3820BE212C6574C00012CB2C /* ResearchTaskResult.swift in Sources */,
				38CD26392C1B90F3000FDBB0 /* RKAdapter.swift in Sources */,
				5EBAA2892C3E064900F193C6 /* InstructionStep.swift in Sources */,
				0B72134F2B4F39CC00463E69 /* View+Task.swift in Sources */,
				E4DBF1B42B97C2980085D6A1 /* BooleanQuestionView.swift in Sources */,
				0B7213402B4F395C00463E69 /* TaskManager.swift in Sources */,
				5EDFA9D92BFFFF0F0044C156 /* ListHeaderView.swift in Sources */,
				381CAC102C3C759200FCE89A /* HeightQuestionView.swift in Sources */,
				0B72132D2B4F368600463E69 /* DefaultStepView.swift in Sources */,
				381CAC0A2C35E06500FCE89A /* ResearchFormStepContentView.swift in Sources */,
				0BF86B222B4F360000E3790E /* ResearchKitUIWatch.docc in Sources */,
				5EE5FD312C6A8486004BBABF /* StateManagementType.swift in Sources */,
				389694182C6E7622007BA17D /* Utilities.swift in Sources */,
				5ED16E272C5AF7E50072016D /* InstructionBodyItem.swift in Sources */,
				381E23F12C4097070095EBBB /* WeightQuestion.swift in Sources */,
			);
			runOnlyForDeploymentPostprocessing = 0;
		};
		38DB82DB2C753A8B0074B95D /* Sources */ = {
			isa = PBXSourcesBuildPhase;
			buildActionMask = 2147483647;
			files = (
			);
			runOnlyForDeploymentPostprocessing = 0;
		};
/* End PBXSourcesBuildPhase section */

/* Begin PBXTargetDependency section */
		38DB82E52C753A8B0074B95D /* PBXTargetDependency */ = {
			isa = PBXTargetDependency;
			platformFilters = (
				ios,
				xros,
			);
			target = 0BF86B1C2B4F360000E3790E /* ResearchKitUI(Watch) */;
			targetProxy = 38DB82E42C753A8B0074B95D /* PBXContainerItemProxy */;
		};
/* End PBXTargetDependency section */

/* Begin PBXVariantGroup section */
		0B53DA5E2BD054EE00227126 /* ResearchKitUI(Watch).strings */ = {
			isa = PBXVariantGroup;
			children = (
				0B53DA5D2BD054EE00227126 /* en */,
			);
			name = "ResearchKitUI(Watch).strings";
			sourceTree = "<group>";
		};
/* End PBXVariantGroup section */

/* Begin XCBuildConfiguration section */
		0BF86B242B4F360000E3790E /* Debug */ = {
			isa = XCBuildConfiguration;
			buildSettings = {
				ALWAYS_SEARCH_USER_PATHS = NO;
				ASSETCATALOG_COMPILER_GENERATE_SWIFT_ASSET_SYMBOL_EXTENSIONS = YES;
				BUILD_LIBRARY_FOR_DISTRIBUTION = YES;
				CLANG_ANALYZER_NONNULL = YES;
				CLANG_ANALYZER_NUMBER_OBJECT_CONVERSION = YES_AGGRESSIVE;
				CLANG_CXX_LANGUAGE_STANDARD = "gnu++20";
				CLANG_ENABLE_MODULES = YES;
				CLANG_ENABLE_OBJC_ARC = YES;
				CLANG_ENABLE_OBJC_WEAK = YES;
				CLANG_WARN_BLOCK_CAPTURE_AUTORELEASING = YES;
				CLANG_WARN_BOOL_CONVERSION = YES;
				CLANG_WARN_COMMA = YES;
				CLANG_WARN_CONSTANT_CONVERSION = YES;
				CLANG_WARN_DEPRECATED_OBJC_IMPLEMENTATIONS = YES;
				CLANG_WARN_DIRECT_OBJC_ISA_USAGE = YES_ERROR;
				CLANG_WARN_DOCUMENTATION_COMMENTS = YES;
				CLANG_WARN_EMPTY_BODY = YES;
				CLANG_WARN_ENUM_CONVERSION = YES;
				CLANG_WARN_INFINITE_RECURSION = YES;
				CLANG_WARN_INT_CONVERSION = YES;
				CLANG_WARN_NON_LITERAL_NULL_CONVERSION = YES;
				CLANG_WARN_OBJC_IMPLICIT_RETAIN_SELF = YES;
				CLANG_WARN_OBJC_LITERAL_CONVERSION = YES;
				CLANG_WARN_OBJC_ROOT_CLASS = YES_ERROR;
				CLANG_WARN_QUOTED_INCLUDE_IN_FRAMEWORK_HEADER = YES;
				CLANG_WARN_RANGE_LOOP_ANALYSIS = YES;
				CLANG_WARN_STRICT_PROTOTYPES = YES;
				CLANG_WARN_SUSPICIOUS_MOVE = YES;
				CLANG_WARN_UNGUARDED_AVAILABILITY = YES_AGGRESSIVE;
				CLANG_WARN_UNREACHABLE_CODE = YES;
				CLANG_WARN__DUPLICATE_METHOD_MATCH = YES;
				COPY_PHASE_STRIP = NO;
				CURRENT_PROJECT_VERSION = 1;
				DEBUG_INFORMATION_FORMAT = dwarf;
				ENABLE_STRICT_OBJC_MSGSEND = YES;
				ENABLE_TESTABILITY = YES;
				ENABLE_USER_SCRIPT_SANDBOXING = YES;
				GCC_C_LANGUAGE_STANDARD = gnu17;
				GCC_DYNAMIC_NO_PIC = NO;
				GCC_NO_COMMON_BLOCKS = YES;
				GCC_OPTIMIZATION_LEVEL = 0;
				GCC_PREPROCESSOR_DEFINITIONS = (
					"DEBUG=1",
					"$(inherited)",
				);
				GCC_WARN_64_TO_32_BIT_CONVERSION = YES;
				GCC_WARN_ABOUT_RETURN_TYPE = YES_ERROR;
				GCC_WARN_UNDECLARED_SELECTOR = YES;
				GCC_WARN_UNINITIALIZED_AUTOS = YES_AGGRESSIVE;
				GCC_WARN_UNUSED_FUNCTION = YES;
				GCC_WARN_UNUSED_VARIABLE = YES;
				IPHONEOS_DEPLOYMENT_TARGET = 17.2;
				LOCALIZATION_PREFERS_STRING_CATALOGS = NO;
				MTL_ENABLE_DEBUG_INFO = INCLUDE_SOURCE;
				MTL_FAST_MATH = YES;
				ONLY_ACTIVE_ARCH = YES;
				SDKROOT = xros;
				SWIFT_ACTIVE_COMPILATION_CONDITIONS = "DEBUG $(inherited)";
				SWIFT_OPTIMIZATION_LEVEL = "-Onone";
				VERSIONING_SYSTEM = "apple-generic";
				VERSION_INFO_PREFIX = "";
			};
			name = Debug;
		};
		0BF86B252B4F360000E3790E /* Release */ = {
			isa = XCBuildConfiguration;
			buildSettings = {
				ALWAYS_SEARCH_USER_PATHS = NO;
				ASSETCATALOG_COMPILER_GENERATE_SWIFT_ASSET_SYMBOL_EXTENSIONS = YES;
				BUILD_LIBRARY_FOR_DISTRIBUTION = YES;
				CLANG_ANALYZER_NONNULL = YES;
				CLANG_ANALYZER_NUMBER_OBJECT_CONVERSION = YES_AGGRESSIVE;
				CLANG_CXX_LANGUAGE_STANDARD = "gnu++20";
				CLANG_ENABLE_MODULES = YES;
				CLANG_ENABLE_OBJC_ARC = YES;
				CLANG_ENABLE_OBJC_WEAK = YES;
				CLANG_WARN_BLOCK_CAPTURE_AUTORELEASING = YES;
				CLANG_WARN_BOOL_CONVERSION = YES;
				CLANG_WARN_COMMA = YES;
				CLANG_WARN_CONSTANT_CONVERSION = YES;
				CLANG_WARN_DEPRECATED_OBJC_IMPLEMENTATIONS = YES;
				CLANG_WARN_DIRECT_OBJC_ISA_USAGE = YES_ERROR;
				CLANG_WARN_DOCUMENTATION_COMMENTS = YES;
				CLANG_WARN_EMPTY_BODY = YES;
				CLANG_WARN_ENUM_CONVERSION = YES;
				CLANG_WARN_INFINITE_RECURSION = YES;
				CLANG_WARN_INT_CONVERSION = YES;
				CLANG_WARN_NON_LITERAL_NULL_CONVERSION = YES;
				CLANG_WARN_OBJC_IMPLICIT_RETAIN_SELF = YES;
				CLANG_WARN_OBJC_LITERAL_CONVERSION = YES;
				CLANG_WARN_OBJC_ROOT_CLASS = YES_ERROR;
				CLANG_WARN_QUOTED_INCLUDE_IN_FRAMEWORK_HEADER = YES;
				CLANG_WARN_RANGE_LOOP_ANALYSIS = YES;
				CLANG_WARN_STRICT_PROTOTYPES = YES;
				CLANG_WARN_SUSPICIOUS_MOVE = YES;
				CLANG_WARN_UNGUARDED_AVAILABILITY = YES_AGGRESSIVE;
				CLANG_WARN_UNREACHABLE_CODE = YES;
				CLANG_WARN__DUPLICATE_METHOD_MATCH = YES;
				COPY_PHASE_STRIP = NO;
				CURRENT_PROJECT_VERSION = 1;
				DEBUG_INFORMATION_FORMAT = "dwarf-with-dsym";
				ENABLE_NS_ASSERTIONS = NO;
				ENABLE_STRICT_OBJC_MSGSEND = YES;
				ENABLE_USER_SCRIPT_SANDBOXING = YES;
				GCC_C_LANGUAGE_STANDARD = gnu17;
				GCC_NO_COMMON_BLOCKS = YES;
				GCC_WARN_64_TO_32_BIT_CONVERSION = YES;
				GCC_WARN_ABOUT_RETURN_TYPE = YES_ERROR;
				GCC_WARN_UNDECLARED_SELECTOR = YES;
				GCC_WARN_UNINITIALIZED_AUTOS = YES_AGGRESSIVE;
				GCC_WARN_UNUSED_FUNCTION = YES;
				GCC_WARN_UNUSED_VARIABLE = YES;
				IPHONEOS_DEPLOYMENT_TARGET = 17.2;
				LOCALIZATION_PREFERS_STRING_CATALOGS = NO;
				MTL_ENABLE_DEBUG_INFO = NO;
				MTL_FAST_MATH = YES;
				SDKROOT = xros;
				SWIFT_COMPILATION_MODE = wholemodule;
				VALIDATE_PRODUCT = YES;
				VERSIONING_SYSTEM = "apple-generic";
				VERSION_INFO_PREFIX = "";
			};
			name = Release;
		};
		0BF86B272B4F360000E3790E /* Debug */ = {
			isa = XCBuildConfiguration;
			buildSettings = {
				ALLOW_TARGET_PLATFORM_SPECIALIZATION = YES;
				BUILD_LIBRARY_FOR_DISTRIBUTION = YES;
				CODE_SIGN_STYLE = Automatic;
				CURRENT_PROJECT_VERSION = 1;
				DEFINES_MODULE = YES;
				DEVELOPMENT_TEAM = "";
				DRIVERKIT_DEPLOYMENT_TARGET = 20.0;
				DYLIB_COMPATIBILITY_VERSION = 1;
				DYLIB_CURRENT_VERSION = 1;
				DYLIB_INSTALL_NAME_BASE = "@rpath";
				ENABLE_MODULE_VERIFIER = YES;
				FRAMEWORK_SEARCH_PATHS = "";
				GENERATE_INFOPLIST_FILE = YES;
				INFOPLIST_KEY_NSHumanReadableCopyright = "";
				INSTALL_PATH = "$(LOCAL_LIBRARY_DIR)/Frameworks";
				IPHONEOS_DEPLOYMENT_TARGET = 18.0;
				LD_RUNPATH_SEARCH_PATHS = (
					"$(inherited)",
					"@executable_path/Frameworks",
					"@loader_path/Frameworks",
				);
				MACOSX_DEPLOYMENT_TARGET = 11.0;
				MARKETING_VERSION = 1.0;
				MODULEMAP_FILE = ResearchKitUI_Watch_.modulemap;
				MODULE_VERIFIER_SUPPORTED_LANGUAGES = "objective-c objective-c++";
				MODULE_VERIFIER_SUPPORTED_LANGUAGE_STANDARDS = "gnu17 gnu++20";
				MODULE_VERIFIER_VERBOSE = YES;
				PRODUCT_BUNDLE_IDENTIFIER = org.researchkit.ResearchKitUIWatch;
				PRODUCT_NAME = "$(TARGET_NAME:c99extidentifier)";
				SDKROOT = iphoneos;
				SKIP_INSTALL = YES;
				SUPPORTED_PLATFORMS = "iphoneos iphonesimulator watchos watchsimulator xros xrsimulator";
				SUPPORTS_MACCATALYST = NO;
				SUPPORTS_MAC_DESIGNED_FOR_IPHONE_IPAD = NO;
				SWIFT_EMIT_LOC_STRINGS = NO;
				SWIFT_OBJC_BRIDGING_HEADER = "";
				SWIFT_VERSION = 5.0;
				TARGETED_DEVICE_FAMILY = "1,2,4,7";
				WATCHOS_DEPLOYMENT_TARGET = 11.0;
				XROS_DEPLOYMENT_TARGET = 2.0;
			};
			name = Debug;
		};
		0BF86B282B4F360000E3790E /* Release */ = {
			isa = XCBuildConfiguration;
			buildSettings = {
				ALLOW_TARGET_PLATFORM_SPECIALIZATION = YES;
				BUILD_LIBRARY_FOR_DISTRIBUTION = YES;
				CODE_SIGN_STYLE = Automatic;
				CURRENT_PROJECT_VERSION = 1;
				DEFINES_MODULE = YES;
				DEVELOPMENT_TEAM = "";
				DRIVERKIT_DEPLOYMENT_TARGET = 20.0;
				DYLIB_COMPATIBILITY_VERSION = 1;
				DYLIB_CURRENT_VERSION = 1;
				DYLIB_INSTALL_NAME_BASE = "@rpath";
				ENABLE_MODULE_VERIFIER = YES;
				FRAMEWORK_SEARCH_PATHS = "";
				GENERATE_INFOPLIST_FILE = YES;
				INFOPLIST_KEY_NSHumanReadableCopyright = "";
				INSTALL_PATH = "$(LOCAL_LIBRARY_DIR)/Frameworks";
				IPHONEOS_DEPLOYMENT_TARGET = 18.0;
				LD_RUNPATH_SEARCH_PATHS = (
					"$(inherited)",
					"@executable_path/Frameworks",
					"@loader_path/Frameworks",
				);
				MACOSX_DEPLOYMENT_TARGET = 11.0;
				MARKETING_VERSION = 1.0;
				MODULEMAP_FILE = ResearchKitUI_Watch_.modulemap;
				MODULE_VERIFIER_SUPPORTED_LANGUAGES = "objective-c objective-c++";
				MODULE_VERIFIER_SUPPORTED_LANGUAGE_STANDARDS = "gnu17 gnu++20";
				MODULE_VERIFIER_VERBOSE = YES;
				PRODUCT_BUNDLE_IDENTIFIER = org.researchkit.ResearchKitUIWatch;
				PRODUCT_NAME = "$(TARGET_NAME:c99extidentifier)";
				SDKROOT = iphoneos;
				SKIP_INSTALL = YES;
				SUPPORTED_PLATFORMS = "iphoneos iphonesimulator watchos watchsimulator xros xrsimulator";
				SUPPORTS_MACCATALYST = NO;
				SUPPORTS_MAC_DESIGNED_FOR_IPHONE_IPAD = NO;
				SWIFT_EMIT_LOC_STRINGS = NO;
				SWIFT_OBJC_BRIDGING_HEADER = "";
				SWIFT_VERSION = 5.0;
				TARGETED_DEVICE_FAMILY = "1,2,4,7";
				WATCHOS_DEPLOYMENT_TARGET = 11.0;
				XROS_DEPLOYMENT_TARGET = 2.0;
			};
			name = Release;
		};
		38DB82E62C753A8B0074B95D /* Debug */ = {
			isa = XCBuildConfiguration;
			buildSettings = {
				CODE_SIGN_STYLE = Automatic;
				CURRENT_PROJECT_VERSION = 1;
				DEVELOPMENT_TEAM = 7JYUG8QGJ3;
				GENERATE_INFOPLIST_FILE = YES;
				IPHONEOS_DEPLOYMENT_TARGET = 18.0;
				LOCALIZATION_PREFERS_STRING_CATALOGS = YES;
				MACOSX_DEPLOYMENT_TARGET = 15.0;
				MARKETING_VERSION = 1.0;
				PRODUCT_BUNDLE_IDENTIFIER = come.appleinternal.ResearchKitSwiftUITests;
				PRODUCT_NAME = "$(TARGET_NAME)";
				SDKROOT = auto;
				SUPPORTED_PLATFORMS = "iphoneos iphonesimulator macosx xros xrsimulator";
				SWIFT_EMIT_LOC_STRINGS = NO;
				SWIFT_VERSION = 5.0;
				TARGETED_DEVICE_FAMILY = "1,2,7";
				XROS_DEPLOYMENT_TARGET = 2.0;
			};
			name = Debug;
		};
		38DB82E72C753A8B0074B95D /* Release */ = {
			isa = XCBuildConfiguration;
			buildSettings = {
				CODE_SIGN_STYLE = Automatic;
				CURRENT_PROJECT_VERSION = 1;
				DEVELOPMENT_TEAM = 7JYUG8QGJ3;
				GENERATE_INFOPLIST_FILE = YES;
				IPHONEOS_DEPLOYMENT_TARGET = 18.0;
				LOCALIZATION_PREFERS_STRING_CATALOGS = YES;
				MACOSX_DEPLOYMENT_TARGET = 15.0;
				MARKETING_VERSION = 1.0;
				PRODUCT_BUNDLE_IDENTIFIER = come.appleinternal.ResearchKitSwiftUITests;
				PRODUCT_NAME = "$(TARGET_NAME)";
				SDKROOT = auto;
				SUPPORTED_PLATFORMS = "iphoneos iphonesimulator macosx xros xrsimulator";
				SWIFT_EMIT_LOC_STRINGS = NO;
				SWIFT_VERSION = 5.0;
				TARGETED_DEVICE_FAMILY = "1,2,7";
				XROS_DEPLOYMENT_TARGET = 2.0;
			};
			name = Release;
		};
/* End XCBuildConfiguration section */

/* Begin XCConfigurationList section */
		0BF86B172B4F360000E3790E /* Build configuration list for PBXProject "ResearchKitUI(Watch)" */ = {
			isa = XCConfigurationList;
			buildConfigurations = (
				0BF86B242B4F360000E3790E /* Debug */,
				0BF86B252B4F360000E3790E /* Release */,
			);
			defaultConfigurationIsVisible = 0;
			defaultConfigurationName = Release;
		};
		0BF86B262B4F360000E3790E /* Build configuration list for PBXNativeTarget "ResearchKitUI(Watch)" */ = {
			isa = XCConfigurationList;
			buildConfigurations = (
				0BF86B272B4F360000E3790E /* Debug */,
				0BF86B282B4F360000E3790E /* Release */,
			);
			defaultConfigurationIsVisible = 0;
			defaultConfigurationName = Release;
		};
		38DB82E82C753A8B0074B95D /* Build configuration list for PBXNativeTarget "ResearchKitSwiftUITests" */ = {
			isa = XCConfigurationList;
			buildConfigurations = (
				38DB82E62C753A8B0074B95D /* Debug */,
				38DB82E72C753A8B0074B95D /* Release */,
			);
			defaultConfigurationIsVisible = 0;
			defaultConfigurationName = Release;
		};
/* End XCConfigurationList section */
	};
	rootObject = 0BF86B142B4F360000E3790E /* Project object */;
}
